version = 1
revision = 1
requires-python = ">=3.9"
resolution-markers = [
    "python_full_version >= '3.12'",
    "python_full_version < '3.10'",
    "python_full_version == '3.10.*'",
    "python_full_version == '3.11.*'",
]

[[package]]
name = "deprecated"
version = "1.2.15"
source = { registry = "https://pypi.org/simple" }
dependencies = [
    { name = "wrapt" },
]
sdist = { url = "https://files.pythonhosted.org/packages/2e/a3/53e7d78a6850ffdd394d7048a31a6f14e44900adedf190f9a165f6b69439/deprecated-1.2.15.tar.gz", hash = "sha256:683e561a90de76239796e6b6feac66b99030d2dd3fcf61ef996330f14bbb9b0d", size = 2977612 }
wheels = [
    { url = "https://files.pythonhosted.org/packages/1d/8f/c7f227eb42cfeaddce3eb0c96c60cbca37797fa7b34f8e1aeadf6c5c0983/Deprecated-1.2.15-py2.py3-none-any.whl", hash = "sha256:353bc4a8ac4bfc96800ddab349d89c25dec1079f65fd53acdcc1e0b975b21320", size = 9941 },
]

[[package]]
name = "mss"
version = "10.0.0"
source = { registry = "https://pypi.org/simple" }
sdist = { url = "https://files.pythonhosted.org/packages/be/2c/6a50c69793918502b4391729bd5741964c9f8ccc98c8482d4a680384923b/mss-10.0.0.tar.gz", hash = "sha256:d903e0d51262bf0f8782841cf16eaa6d7e3e1f12eae35ab41c2e318837c6637f", size = 83127 }
wheels = [
    { url = "https://files.pythonhosted.org/packages/29/aa/b897ae9e1c1616e4df9fb319637ef6a9d07cca6d46de6b59c80209f006a4/mss-10.0.0-py3-none-any.whl", hash = "sha256:82cf6460a53d09e79b7b6d871163c982e6c7e9649c426e7b7591b74956d5cb64", size = 24050 },
]

[[package]]
name = "nodriver"
version = "0.38.post1"
source = { registry = "https://pypi.org/simple" }
dependencies = [
    { name = "deprecated" },
    { name = "mss" },
    { name = "websockets" },
]
sdist = { url = "https://files.pythonhosted.org/packages/67/2a/7eeeeac97e75edde5dc82ebbf704949302b7fc6f141285d3e6f302a00673/nodriver-0.38.post1.tar.gz", hash = "sha256:7df680e309b0c0f087d4ac0103556794b7fadc081b63182e44e0fa274f28ff8a", size = 302765 }
wheels = [
    { url = "https://files.pythonhosted.org/packages/bc/35/b17003e52c0e373ce41929cc07edc36ae0a5414f48960e41354a284874d8/nodriver-0.38.post1-py3-none-any.whl", hash = "sha256:ce82832fb2b2c8610f05c6d8f264a6c40664c31d9ca9d1595eed11da7208151b", size = 325429 },
]

[[package]]
name = "websockets"
version = "13.1"
source = { registry = "https://pypi.org/simple" }
sdist = { url = "https://files.pythonhosted.org/packages/e2/73/9223dbc7be3dcaf2a7bbf756c351ec8da04b1fa573edaf545b95f6b0c7fd/websockets-13.1.tar.gz", hash = "sha256:a3b3366087c1bc0a2795111edcadddb8b3b59509d5db5d7ea3fdd69f954a8878", size = 158549 }
wheels = [
    { url = "https://files.pythonhosted.org/packages/0a/94/d15dbfc6a5eb636dbc754303fba18208f2e88cf97e733e1d64fb9cb5c89e/websockets-13.1-cp310-cp310-macosx_10_9_universal2.whl", hash = "sha256:f48c749857f8fb598fb890a75f540e3221d0976ed0bf879cf3c7eef34151acee", size = 157815 },
    { url = "https://files.pythonhosted.org/packages/30/02/c04af33f4663945a26f5e8cf561eb140c35452b50af47a83c3fbcfe62ae1/websockets-13.1-cp310-cp310-macosx_10_9_x86_64.whl", hash = "sha256:c7e72ce6bda6fb9409cc1e8164dd41d7c91466fb599eb047cfda72fe758a34a7", size = 155466 },
    { url = "https://files.pythonhosted.org/packages/35/e8/719f08d12303ea643655e52d9e9851b2dadbb1991d4926d9ce8862efa2f5/websockets-13.1-cp310-cp310-macosx_11_0_arm64.whl", hash = "sha256:f779498eeec470295a2b1a5d97aa1bc9814ecd25e1eb637bd9d1c73a327387f6", size = 155716 },
    { url = "https://files.pythonhosted.org/packages/91/e1/14963ae0252a8925f7434065d25dcd4701d5e281a0b4b460a3b5963d2594/websockets-13.1-cp310-cp310-manylinux_2_17_aarch64.manylinux2014_aarch64.whl", hash = "sha256:4676df3fe46956fbb0437d8800cd5f2b6d41143b6e7e842e60554398432cf29b", size = 164806 },
    { url = "https://files.pythonhosted.org/packages/ec/fa/ab28441bae5e682a0f7ddf3d03440c0c352f930da419301f4a717f675ef3/websockets-13.1-cp310-cp310-manylinux_2_5_i686.manylinux1_i686.manylinux_2_17_i686.manylinux2014_i686.whl", hash = "sha256:a7affedeb43a70351bb811dadf49493c9cfd1ed94c9c70095fd177e9cc1541fa", size = 163810 },
    { url = "https://files.pythonhosted.org/packages/44/77/dea187bd9d16d4b91566a2832be31f99a40d0f5bfa55eeb638eb2c3bc33d/websockets-13.1-cp310-cp310-manylinux_2_5_x86_64.manylinux1_x86_64.manylinux_2_17_x86_64.manylinux2014_x86_64.whl", hash = "sha256:1971e62d2caa443e57588e1d82d15f663b29ff9dfe7446d9964a4b6f12c1e700", size = 164125 },
    { url = "https://files.pythonhosted.org/packages/cf/d9/3af14544e83f1437eb684b399e6ba0fa769438e869bf5d83d74bc197fae8/websockets-13.1-cp310-cp310-musllinux_1_2_aarch64.whl", hash = "sha256:5f2e75431f8dc4a47f31565a6e1355fb4f2ecaa99d6b89737527ea917066e26c", size = 164532 },
    { url = "https://files.pythonhosted.org/packages/1c/8a/6d332eabe7d59dfefe4b8ba6f46c8c5fabb15b71c8a8bc3d2b65de19a7b6/websockets-13.1-cp310-cp310-musllinux_1_2_i686.whl", hash = "sha256:58cf7e75dbf7e566088b07e36ea2e3e2bd5676e22216e4cad108d4df4a7402a0", size = 163948 },
    { url = "https://files.pythonhosted.org/packages/1a/91/a0aeadbaf3017467a1ee03f8fb67accdae233fe2d5ad4b038c0a84e357b0/websockets-13.1-cp310-cp310-musllinux_1_2_x86_64.whl", hash = "sha256:c90d6dec6be2c7d03378a574de87af9b1efea77d0c52a8301dd831ece938452f", size = 163898 },
    { url = "https://files.pythonhosted.org/packages/71/31/a90fb47c63e0ae605be914b0b969d7c6e6ffe2038cd744798e4b3fbce53b/websockets-13.1-cp310-cp310-win32.whl", hash = "sha256:730f42125ccb14602f455155084f978bd9e8e57e89b569b4d7f0f0c17a448ffe", size = 158706 },
    { url = "https://files.pythonhosted.org/packages/93/ca/9540a9ba80da04dc7f36d790c30cae4252589dbd52ccdc92e75b0be22437/websockets-13.1-cp310-cp310-win_amd64.whl", hash = "sha256:5993260f483d05a9737073be197371940c01b257cc45ae3f1d5d7adb371b266a", size = 159141 },
    { url = "https://files.pythonhosted.org/packages/b2/f0/cf0b8a30d86b49e267ac84addbebbc7a48a6e7bb7c19db80f62411452311/websockets-13.1-cp311-cp311-macosx_10_9_universal2.whl", hash = "sha256:61fc0dfcda609cda0fc9fe7977694c0c59cf9d749fbb17f4e9483929e3c48a19", size = 157813 },
    { url = "https://files.pythonhosted.org/packages/bf/e7/22285852502e33071a8cf0ac814f8988480ec6db4754e067b8b9d0e92498/websockets-13.1-cp311-cp311-macosx_10_9_x86_64.whl", hash = "sha256:ceec59f59d092c5007e815def4ebb80c2de330e9588e101cf8bd94c143ec78a5", size = 155469 },
    { url = "https://files.pythonhosted.org/packages/68/d4/c8c7c1e5b40ee03c5cc235955b0fb1ec90e7e37685a5f69229ad4708dcde/websockets-13.1-cp311-cp311-macosx_11_0_arm64.whl", hash = "sha256:c1dca61c6db1166c48b95198c0b7d9c990b30c756fc2923cc66f68d17dc558fd", size = 155717 },
    { url = "https://files.pythonhosted.org/packages/c9/e4/c50999b9b848b1332b07c7fd8886179ac395cb766fda62725d1539e7bc6c/websockets-13.1-cp311-cp311-manylinux_2_17_aarch64.manylinux2014_aarch64.whl", hash = "sha256:308e20f22c2c77f3f39caca508e765f8725020b84aa963474e18c59accbf4c02", size = 165379 },
    { url = "https://files.pythonhosted.org/packages/bc/49/4a4ad8c072f18fd79ab127650e47b160571aacfc30b110ee305ba25fffc9/websockets-13.1-cp311-cp311-manylinux_2_5_i686.manylinux1_i686.manylinux_2_17_i686.manylinux2014_i686.whl", hash = "sha256:62d516c325e6540e8a57b94abefc3459d7dab8ce52ac75c96cad5549e187e3a7", size = 164376 },
    { url = "https://files.pythonhosted.org/packages/af/9b/8c06d425a1d5a74fd764dd793edd02be18cf6fc3b1ccd1f29244ba132dc0/websockets-13.1-cp311-cp311-manylinux_2_5_x86_64.manylinux1_x86_64.manylinux_2_17_x86_64.manylinux2014_x86_64.whl", hash = "sha256:87c6e35319b46b99e168eb98472d6c7d8634ee37750d7693656dc766395df096", size = 164753 },
    { url = "https://files.pythonhosted.org/packages/d5/5b/0acb5815095ff800b579ffc38b13ab1b915b317915023748812d24e0c1ac/websockets-13.1-cp311-cp311-musllinux_1_2_aarch64.whl", hash = "sha256:5f9fee94ebafbc3117c30be1844ed01a3b177bb6e39088bc6b2fa1dc15572084", size = 165051 },
    { url = "https://files.pythonhosted.org/packages/30/93/c3891c20114eacb1af09dedfcc620c65c397f4fd80a7009cd12d9457f7f5/websockets-13.1-cp311-cp311-musllinux_1_2_i686.whl", hash = "sha256:7c1e90228c2f5cdde263253fa5db63e6653f1c00e7ec64108065a0b9713fa1b3", size = 164489 },
    { url = "https://files.pythonhosted.org/packages/28/09/af9e19885539759efa2e2cd29b8b3f9eecef7ecefea40d46612f12138b36/websockets-13.1-cp311-cp311-musllinux_1_2_x86_64.whl", hash = "sha256:6548f29b0e401eea2b967b2fdc1c7c7b5ebb3eeb470ed23a54cd45ef078a0db9", size = 164438 },
    { url = "https://files.pythonhosted.org/packages/b6/08/6f38b8e625b3d93de731f1d248cc1493327f16cb45b9645b3e791782cff0/websockets-13.1-cp311-cp311-win32.whl", hash = "sha256:c11d4d16e133f6df8916cc5b7e3e96ee4c44c936717d684a94f48f82edb7c92f", size = 158710 },
    { url = "https://files.pythonhosted.org/packages/fb/39/ec8832ecb9bb04a8d318149005ed8cee0ba4e0205835da99e0aa497a091f/websockets-13.1-cp311-cp311-win_amd64.whl", hash = "sha256:d04f13a1d75cb2b8382bdc16ae6fa58c97337253826dfe136195b7f89f661557", size = 159137 },
    { url = "https://files.pythonhosted.org/packages/df/46/c426282f543b3c0296cf964aa5a7bb17e984f58dde23460c3d39b3148fcf/websockets-13.1-cp312-cp312-macosx_10_9_universal2.whl", hash = "sha256:9d75baf00138f80b48f1eac72ad1535aac0b6461265a0bcad391fc5aba875cfc", size = 157821 },
    { url = "https://files.pythonhosted.org/packages/aa/85/22529867010baac258da7c45848f9415e6cf37fef00a43856627806ffd04/websockets-13.1-cp312-cp312-macosx_10_9_x86_64.whl", hash = "sha256:9b6f347deb3dcfbfde1c20baa21c2ac0751afaa73e64e5b693bb2b848efeaa49", size = 155480 },
    { url = "https://files.pythonhosted.org/packages/29/2c/bdb339bfbde0119a6e84af43ebf6275278698a2241c2719afc0d8b0bdbf2/websockets-13.1-cp312-cp312-macosx_11_0_arm64.whl", hash = "sha256:de58647e3f9c42f13f90ac7e5f58900c80a39019848c5547bc691693098ae1bd", size = 155715 },
    { url = "https://files.pythonhosted.org/packages/9f/d0/8612029ea04c5c22bf7af2fd3d63876c4eaeef9b97e86c11972a43aa0e6c/websockets-13.1-cp312-cp312-manylinux_2_17_aarch64.manylinux2014_aarch64.whl", hash = "sha256:a1b54689e38d1279a51d11e3467dd2f3a50f5f2e879012ce8f2d6943f00e83f0", size = 165647 },
    { url = "https://files.pythonhosted.org/packages/56/04/1681ed516fa19ca9083f26d3f3a302257e0911ba75009533ed60fbb7b8d1/websockets-13.1-cp312-cp312-manylinux_2_5_i686.manylinux1_i686.manylinux_2_17_i686.manylinux2014_i686.whl", hash = "sha256:cf1781ef73c073e6b0f90af841aaf98501f975d306bbf6221683dd594ccc52b6", size = 164592 },
    { url = "https://files.pythonhosted.org/packages/38/6f/a96417a49c0ed132bb6087e8e39a37db851c70974f5c724a4b2a70066996/websockets-13.1-cp312-cp312-manylinux_2_5_x86_64.manylinux1_x86_64.manylinux_2_17_x86_64.manylinux2014_x86_64.whl", hash = "sha256:8d23b88b9388ed85c6faf0e74d8dec4f4d3baf3ecf20a65a47b836d56260d4b9", size = 165012 },
    { url = "https://files.pythonhosted.org/packages/40/8b/fccf294919a1b37d190e86042e1a907b8f66cff2b61e9befdbce03783e25/websockets-13.1-cp312-cp312-musllinux_1_2_aarch64.whl", hash = "sha256:3c78383585f47ccb0fcf186dcb8a43f5438bd7d8f47d69e0b56f71bf431a0a68", size = 165311 },
    { url = "https://files.pythonhosted.org/packages/c1/61/f8615cf7ce5fe538476ab6b4defff52beb7262ff8a73d5ef386322d9761d/websockets-13.1-cp312-cp312-musllinux_1_2_i686.whl", hash = "sha256:d6d300f8ec35c24025ceb9b9019ae9040c1ab2f01cddc2bcc0b518af31c75c14", size = 164692 },
    { url = "https://files.pythonhosted.org/packages/5c/f1/a29dd6046d3a722d26f182b783a7997d25298873a14028c4760347974ea3/websockets-13.1-cp312-cp312-musllinux_1_2_x86_64.whl", hash = "sha256:a9dcaf8b0cc72a392760bb8755922c03e17a5a54e08cca58e8b74f6902b433cf", size = 164686 },
    { url = "https://files.pythonhosted.org/packages/0f/99/ab1cdb282f7e595391226f03f9b498f52109d25a2ba03832e21614967dfa/websockets-13.1-cp312-cp312-win32.whl", hash = "sha256:2f85cf4f2a1ba8f602298a853cec8526c2ca42a9a4b947ec236eaedb8f2dc80c", size = 158712 },
    { url = "https://files.pythonhosted.org/packages/46/93/e19160db48b5581feac8468330aa11b7292880a94a37d7030478596cc14e/websockets-13.1-cp312-cp312-win_amd64.whl", hash = "sha256:38377f8b0cdeee97c552d20cf1865695fcd56aba155ad1b4ca8779a5b6ef4ac3", size = 159145 },
    { url = "https://files.pythonhosted.org/packages/51/20/2b99ca918e1cbd33c53db2cace5f0c0cd8296fc77558e1908799c712e1cd/websockets-13.1-cp313-cp313-macosx_10_13_universal2.whl", hash = "sha256:a9ab1e71d3d2e54a0aa646ab6d4eebfaa5f416fe78dfe4da2839525dc5d765c6", size = 157828 },
    { url = "https://files.pythonhosted.org/packages/b8/47/0932a71d3d9c0e9483174f60713c84cee58d62839a143f21a2bcdbd2d205/websockets-13.1-cp313-cp313-macosx_10_13_x86_64.whl", hash = "sha256:b9d7439d7fab4dce00570bb906875734df13d9faa4b48e261c440a5fec6d9708", size = 155487 },
    { url = "https://files.pythonhosted.org/packages/a9/60/f1711eb59ac7a6c5e98e5637fef5302f45b6f76a2c9d64fd83bbb341377a/websockets-13.1-cp313-cp313-macosx_11_0_arm64.whl", hash = "sha256:327b74e915cf13c5931334c61e1a41040e365d380f812513a255aa804b183418", size = 155721 },
    { url = "https://files.pythonhosted.org/packages/6a/e6/ba9a8db7f9d9b0e5f829cf626ff32677f39824968317223605a6b419d445/websockets-13.1-cp313-cp313-manylinux_2_17_aarch64.manylinux2014_aarch64.whl", hash = "sha256:325b1ccdbf5e5725fdcb1b0e9ad4d2545056479d0eee392c291c1bf76206435a", size = 165609 },
    { url = "https://files.pythonhosted.org/packages/c1/22/4ec80f1b9c27a0aebd84ccd857252eda8418ab9681eb571b37ca4c5e1305/websockets-13.1-cp313-cp313-manylinux_2_5_i686.manylinux1_i686.manylinux_2_17_i686.manylinux2014_i686.whl", hash = "sha256:346bee67a65f189e0e33f520f253d5147ab76ae42493804319b5716e46dddf0f", size = 164556 },
    { url = "https://files.pythonhosted.org/packages/27/ac/35f423cb6bb15600438db80755609d27eda36d4c0b3c9d745ea12766c45e/websockets-13.1-cp313-cp313-manylinux_2_5_x86_64.manylinux1_x86_64.manylinux_2_17_x86_64.manylinux2014_x86_64.whl", hash = "sha256:91a0fa841646320ec0d3accdff5b757b06e2e5c86ba32af2e0815c96c7a603c5", size = 164993 },
    { url = "https://files.pythonhosted.org/packages/31/4e/98db4fd267f8be9e52e86b6ee4e9aa7c42b83452ea0ea0672f176224b977/websockets-13.1-cp313-cp313-musllinux_1_2_aarch64.whl", hash = "sha256:18503d2c5f3943e93819238bf20df71982d193f73dcecd26c94514f417f6b135", size = 165360 },
    { url = "https://files.pythonhosted.org/packages/3f/15/3f0de7cda70ffc94b7e7024544072bc5b26e2c1eb36545291abb755d8cdb/websockets-13.1-cp313-cp313-musllinux_1_2_i686.whl", hash = "sha256:a9cd1af7e18e5221d2878378fbc287a14cd527fdd5939ed56a18df8a31136bb2", size = 164745 },
    { url = "https://files.pythonhosted.org/packages/a1/6e/66b6b756aebbd680b934c8bdbb6dcb9ce45aad72cde5f8a7208dbb00dd36/websockets-13.1-cp313-cp313-musllinux_1_2_x86_64.whl", hash = "sha256:70c5be9f416aa72aab7a2a76c90ae0a4fe2755c1816c153c1a2bcc3333ce4ce6", size = 164732 },
    { url = "https://files.pythonhosted.org/packages/35/c6/12e3aab52c11aeb289e3dbbc05929e7a9d90d7a9173958477d3ef4f8ce2d/websockets-13.1-cp313-cp313-win32.whl", hash = "sha256:624459daabeb310d3815b276c1adef475b3e6804abaf2d9d2c061c319f7f187d", size = 158709 },
    { url = "https://files.pythonhosted.org/packages/41/d8/63d6194aae711d7263df4498200c690a9c39fb437ede10f3e157a6343e0d/websockets-13.1-cp313-cp313-win_amd64.whl", hash = "sha256:c518e84bb59c2baae725accd355c8dc517b4a3ed8db88b4bc93c78dae2974bf2", size = 159144 },
    { url = "https://files.pythonhosted.org/packages/61/26/5f7a7fb03efedb4f90ed61968338bfe7c389863b0ceda239b94ae61c5ae4/websockets-13.1-cp39-cp39-macosx_10_9_universal2.whl", hash = "sha256:9b37c184f8b976f0c0a231a5f3d6efe10807d41ccbe4488df8c74174805eea7d", size = 157810 },
    { url = "https://files.pythonhosted.org/packages/0e/d4/9b4814a07dffaa7a79d71b4944d10836f9adbd527a113f6675734ef3abed/websockets-13.1-cp39-cp39-macosx_10_9_x86_64.whl", hash = "sha256:163e7277e1a0bd9fb3c8842a71661ad19c6aa7bb3d6678dc7f89b17fbcc4aeb7", size = 155467 },
    { url = "https://files.pythonhosted.org/packages/1a/1a/2abdc7ce3b56429ae39d6bfb48d8c791f5a26bbcb6f44aabcf71ffc3fda2/websockets-13.1-cp39-cp39-macosx_11_0_arm64.whl", hash = "sha256:4b889dbd1342820cc210ba44307cf75ae5f2f96226c0038094455a96e64fb07a", size = 155714 },
    { url = "https://files.pythonhosted.org/packages/2a/98/189d7cf232753a719b2726ec55e7922522632248d5d830adf078e3f612be/websockets-13.1-cp39-cp39-manylinux_2_17_aarch64.manylinux2014_aarch64.whl", hash = "sha256:586a356928692c1fed0eca68b4d1c2cbbd1ca2acf2ac7e7ebd3b9052582deefa", size = 164587 },
    { url = "https://files.pythonhosted.org/packages/a5/2b/fb77cedf3f9f55ef8605238c801eef6b9a5269b01a396875a86896aea3a6/websockets-13.1-cp39-cp39-manylinux_2_5_i686.manylinux1_i686.manylinux_2_17_i686.manylinux2014_i686.whl", hash = "sha256:7bd6abf1e070a6b72bfeb71049d6ad286852e285f146682bf30d0296f5fbadfa", size = 163588 },
    { url = "https://files.pythonhosted.org/packages/a3/b7/070481b83d2d5ac0f19233d9f364294e224e6478b0762f07fa7f060e0619/websockets-13.1-cp39-cp39-manylinux_2_5_x86_64.manylinux1_x86_64.manylinux_2_17_x86_64.manylinux2014_x86_64.whl", hash = "sha256:6d2aad13a200e5934f5a6767492fb07151e1de1d6079c003ab31e1823733ae79", size = 163894 },
    { url = "https://files.pythonhosted.org/packages/eb/be/d6e1cff7d441cfe5eafaacc5935463e5f14c8b1c0d39cb8afde82709b55a/websockets-13.1-cp39-cp39-musllinux_1_2_aarch64.whl", hash = "sha256:df01aea34b6e9e33572c35cd16bae5a47785e7d5c8cb2b54b2acdb9678315a17", size = 164315 },
    { url = "https://files.pythonhosted.org/packages/8b/5e/ffa234473e46ab2d3f9fd9858163d5db3ecea1439e4cb52966d78906424b/websockets-13.1-cp39-cp39-musllinux_1_2_i686.whl", hash = "sha256:e54affdeb21026329fb0744ad187cf812f7d3c2aa702a5edb562b325191fcab6", size = 163714 },
    { url = "https://files.pythonhosted.org/packages/cc/92/cea9eb9d381ca57065a5eb4ec2ce7a291bd96c85ce742915c3c9ffc1069f/websockets-13.1-cp39-cp39-musllinux_1_2_x86_64.whl", hash = "sha256:9ef8aa8bdbac47f4968a5d66462a2a0935d044bf35c0e5a8af152d58516dbeb5", size = 163673 },
    { url = "https://files.pythonhosted.org/packages/a4/f1/279104fff239bfd04c12b1e58afea227d72fd1acf431e3eed3f6ac2c96d2/websockets-13.1-cp39-cp39-win32.whl", hash = "sha256:deeb929efe52bed518f6eb2ddc00cc496366a14c726005726ad62c2dd9017a3c", size = 158702 },
    { url = "https://files.pythonhosted.org/packages/25/0b/b87370ff141375c41f7dd67941728e4b3682ebb45882591516c792a2ebee/websockets-13.1-cp39-cp39-win_amd64.whl", hash = "sha256:7c65ffa900e7cc958cd088b9a9157a8141c991f8c53d11087e6fb7277a03f81d", size = 159146 },
    { url = "https://files.pythonhosted.org/packages/2d/75/6da22cb3ad5b8c606963f9a5f9f88656256fecc29d420b4b2bf9e0c7d56f/websockets-13.1-pp310-pypy310_pp73-macosx_10_15_x86_64.whl", hash = "sha256:5dd6da9bec02735931fccec99d97c29f47cc61f644264eb995ad6c0c27667238", size = 155499 },
    { url = "https://files.pythonhosted.org/packages/c0/ba/22833d58629088fcb2ccccedfae725ac0bbcd713319629e97125b52ac681/websockets-13.1-pp310-pypy310_pp73-macosx_11_0_arm64.whl", hash = "sha256:2510c09d8e8df777177ee3d40cd35450dc169a81e747455cc4197e63f7e7bfe5", size = 155737 },
    { url = "https://files.pythonhosted.org/packages/95/54/61684fe22bdb831e9e1843d972adadf359cf04ab8613285282baea6a24bb/websockets-13.1-pp310-pypy310_pp73-manylinux_2_17_aarch64.manylinux2014_aarch64.whl", hash = "sha256:f1c3cf67185543730888b20682fb186fc8d0fa6f07ccc3ef4390831ab4b388d9", size = 157095 },
    { url = "https://files.pythonhosted.org/packages/fc/f5/6652fb82440813822022a9301a30afde85e5ff3fb2aebb77f34aabe2b4e8/websockets-13.1-pp310-pypy310_pp73-manylinux_2_5_i686.manylinux1_i686.manylinux_2_17_i686.manylinux2014_i686.whl", hash = "sha256:bcc03c8b72267e97b49149e4863d57c2d77f13fae12066622dc78fe322490fe6", size = 156701 },
    { url = "https://files.pythonhosted.org/packages/67/33/ae82a7b860fa8a08aba68818bdf7ff61f04598aa5ab96df4cd5a3e418ca4/websockets-13.1-pp310-pypy310_pp73-manylinux_2_5_x86_64.manylinux1_x86_64.manylinux_2_17_x86_64.manylinux2014_x86_64.whl", hash = "sha256:004280a140f220c812e65f36944a9ca92d766b6cc4560be652a0a3883a79ed8a", size = 156654 },
    { url = "https://files.pythonhosted.org/packages/63/0b/a1b528d36934f833e20f6da1032b995bf093d55cb416b9f2266f229fb237/websockets-13.1-pp310-pypy310_pp73-win_amd64.whl", hash = "sha256:e2620453c075abeb0daa949a292e19f56de518988e079c36478bacf9546ced23", size = 159192 },
    { url = "https://files.pythonhosted.org/packages/59/fd/e4bf9a7159dba6a16c59ae9e670e3e8ad9dcb6791bc0599eb86de32d50a9/websockets-13.1-pp39-pypy39_pp73-macosx_10_15_x86_64.whl", hash = "sha256:25c35bf84bf7c7369d247f0b8cfa157f989862c49104c5cf85cb5436a641d93e", size = 155499 },
    { url = "https://files.pythonhosted.org/packages/74/42/d48ede93cfe0c343f3b552af08efc60778d234989227b16882eed1b8b189/websockets-13.1-pp39-pypy39_pp73-macosx_11_0_arm64.whl", hash = "sha256:83f91d8a9bb404b8c2c41a707ac7f7f75b9442a0a876df295de27251a856ad09", size = 155731 },
    { url = "https://files.pythonhosted.org/packages/f6/f2/2ef6bff1c90a43b80622a17c0852b48c09d3954ab169266ad7b15e17cdcb/websockets-13.1-pp39-pypy39_pp73-manylinux_2_17_aarch64.manylinux2014_aarch64.whl", hash = "sha256:7a43cfdcddd07f4ca2b1afb459824dd3c6d53a51410636a2c7fc97b9a8cf4842", size = 157093 },
    { url = "https://files.pythonhosted.org/packages/d1/14/6f20bbaeeb350f155edf599aad949c554216f90e5d4ae7373d1f2e5931fb/websockets-13.1-pp39-pypy39_pp73-manylinux_2_5_i686.manylinux1_i686.manylinux_2_17_i686.manylinux2014_i686.whl", hash = "sha256:48a2ef1381632a2f0cb4efeff34efa97901c9fbc118e01951ad7cfc10601a9bb", size = 156701 },
    { url = "https://files.pythonhosted.org/packages/c7/86/38279dfefecd035e22b79c38722d4f87c4b6196f1556b7a631d0a3095ca7/websockets-13.1-pp39-pypy39_pp73-manylinux_2_5_x86_64.manylinux1_x86_64.manylinux_2_17_x86_64.manylinux2014_x86_64.whl", hash = "sha256:459bf774c754c35dbb487360b12c5727adab887f1622b8aed5755880a21c4a20", size = 156649 },
    { url = "https://files.pythonhosted.org/packages/f6/c5/12c6859a2eaa8c53f59a647617a27f1835a226cd7106c601067c53251d98/websockets-13.1-pp39-pypy39_pp73-win_amd64.whl", hash = "sha256:95858ca14a9f6fa8413d29e0a585b31b278388aa775b8a81fa24830123874678", size = 159187 },
    { url = "https://files.pythonhosted.org/packages/56/27/96a5cd2626d11c8280656c6c71d8ab50fe006490ef9971ccd154e0c42cd2/websockets-13.1-py3-none-any.whl", hash = "sha256:a9a396a6ad26130cdae92ae10c36af09d9bfe6cafe69670fd3b6da9b07b4044f", size = 152134 },
]

[[package]]
name = "whiscraper"
source = { editable = "." }
dependencies = [
    { name = "nodriver" },
]

[package.metadata]
requires-dist = [{ name = "nodriver", specifier = ">=0.38" }]

[[package]]
name = "wrapt"
version = "1.17.0"
source = { registry = "https://pypi.org/simple" }
sdist = { url = "https://files.pythonhosted.org/packages/24/a1/fc03dca9b0432725c2e8cdbf91a349d2194cf03d8523c124faebe581de09/wrapt-1.17.0.tar.gz", hash = "sha256:16187aa2317c731170a88ef35e8937ae0f533c402872c1ee5e6d079fcf320801", size = 55542 }
wheels = [
    { url = "https://files.pythonhosted.org/packages/99/f9/85220321e9bb1a5f72ccce6604395ae75fcb463d87dad0014dc1010bd1f1/wrapt-1.17.0-cp310-cp310-macosx_11_0_arm64.whl", hash = "sha256:2a0c23b8319848426f305f9cb0c98a6e32ee68a36264f45948ccf8e7d2b941f8", size = 38766 },
    { url = "https://files.pythonhosted.org/packages/ff/71/ff624ff3bde91ceb65db6952cdf8947bc0111d91bd2359343bc2fa7c57fd/wrapt-1.17.0-cp310-cp310-manylinux_2_17_aarch64.manylinux2014_aarch64.whl", hash = "sha256:b1ca5f060e205f72bec57faae5bd817a1560fcfc4af03f414b08fa29106b7e2d", size = 83262 },
    { url = "https://files.pythonhosted.org/packages/9f/0a/814d4a121a643af99cfe55a43e9e6dd08f4a47cdac8e8f0912c018794715/wrapt-1.17.0-cp310-cp310-manylinux_2_5_i686.manylinux1_i686.manylinux_2_17_i686.manylinux2014_i686.whl", hash = "sha256:e185ec6060e301a7e5f8461c86fb3640a7beb1a0f0208ffde7a65ec4074931df", size = 74990 },
    { url = "https://files.pythonhosted.org/packages/cd/c7/b8c89bf5ca5c4e6a2d0565d149d549cdb4cffb8916d1d1b546b62fb79281/wrapt-1.17.0-cp310-cp310-manylinux_2_5_x86_64.manylinux1_x86_64.manylinux_2_17_x86_64.manylinux2014_x86_64.whl", hash = "sha256:bb90765dd91aed05b53cd7a87bd7f5c188fcd95960914bae0d32c5e7f899719d", size = 82712 },
    { url = "https://files.pythonhosted.org/packages/19/7c/5977aefa8460906c1ff914fd42b11cf6c09ded5388e46e1cc6cea4ab15e9/wrapt-1.17.0-cp310-cp310-musllinux_1_2_aarch64.whl", hash = "sha256:879591c2b5ab0a7184258274c42a126b74a2c3d5a329df16d69f9cee07bba6ea", size = 81705 },
    { url = "https://files.pythonhosted.org/packages/ae/e7/233402d7bd805096bb4a8ec471f5a141421a01de3c8c957cce569772c056/wrapt-1.17.0-cp310-cp310-musllinux_1_2_i686.whl", hash = "sha256:fce6fee67c318fdfb7f285c29a82d84782ae2579c0e1b385b7f36c6e8074fffb", size = 74636 },
    { url = "https://files.pythonhosted.org/packages/93/81/b6c32d8387d9cfbc0134f01585dee7583315c3b46dfd3ae64d47693cd078/wrapt-1.17.0-cp310-cp310-musllinux_1_2_x86_64.whl", hash = "sha256:0698d3a86f68abc894d537887b9bbf84d29bcfbc759e23f4644be27acf6da301", size = 81299 },
    { url = "https://files.pythonhosted.org/packages/d1/c3/1fae15d453468c98f09519076f8d401b476d18d8d94379e839eed14c4c8b/wrapt-1.17.0-cp310-cp310-win32.whl", hash = "sha256:69d093792dc34a9c4c8a70e4973a3361c7a7578e9cd86961b2bbf38ca71e4e22", size = 36425 },
    { url = "https://files.pythonhosted.org/packages/c6/f4/77e0886c95556f2b4caa8908ea8eb85f713fc68296a2113f8c63d50fe0fb/wrapt-1.17.0-cp310-cp310-win_amd64.whl", hash = "sha256:f28b29dc158ca5d6ac396c8e0a2ef45c4e97bb7e65522bfc04c989e6fe814575", size = 38748 },
    { url = "https://files.pythonhosted.org/packages/0e/40/def56538acddc2f764c157d565b9f989072a1d2f2a8e384324e2e104fc7d/wrapt-1.17.0-cp311-cp311-macosx_11_0_arm64.whl", hash = "sha256:74bf625b1b4caaa7bad51d9003f8b07a468a704e0644a700e936c357c17dd45a", size = 38766 },
    { url = "https://files.pythonhosted.org/packages/89/e2/8c299f384ae4364193724e2adad99f9504599d02a73ec9199bf3f406549d/wrapt-1.17.0-cp311-cp311-manylinux_2_17_aarch64.manylinux2014_aarch64.whl", hash = "sha256:0f2a28eb35cf99d5f5bd12f5dd44a0f41d206db226535b37b0c60e9da162c3ed", size = 83730 },
    { url = "https://files.pythonhosted.org/packages/29/ef/fcdb776b12df5ea7180d065b28fa6bb27ac785dddcd7202a0b6962bbdb47/wrapt-1.17.0-cp311-cp311-manylinux_2_5_i686.manylinux1_i686.manylinux_2_17_i686.manylinux2014_i686.whl", hash = "sha256:81b1289e99cf4bad07c23393ab447e5e96db0ab50974a280f7954b071d41b489", size = 75470 },
    { url = "https://files.pythonhosted.org/packages/55/b5/698bd0bf9fbb3ddb3a2feefbb7ad0dea1205f5d7d05b9cbab54f5db731aa/wrapt-1.17.0-cp311-cp311-manylinux_2_5_x86_64.manylinux1_x86_64.manylinux_2_17_x86_64.manylinux2014_x86_64.whl", hash = "sha256:9f2939cd4a2a52ca32bc0b359015718472d7f6de870760342e7ba295be9ebaf9", size = 83168 },
    { url = "https://files.pythonhosted.org/packages/ce/07/701a5cee28cb4d5df030d4b2649319e36f3d9fdd8000ef1d84eb06b9860d/wrapt-1.17.0-cp311-cp311-musllinux_1_2_aarch64.whl", hash = "sha256:6a9653131bda68a1f029c52157fd81e11f07d485df55410401f745007bd6d339", size = 82307 },
    { url = "https://files.pythonhosted.org/packages/42/92/c48ba92cda6f74cb914dc3c5bba9650dc80b790e121c4b987f3a46b028f5/wrapt-1.17.0-cp311-cp311-musllinux_1_2_i686.whl", hash = "sha256:4e4b4385363de9052dac1a67bfb535c376f3d19c238b5f36bddc95efae15e12d", size = 75101 },
    { url = "https://files.pythonhosted.org/packages/8a/0a/9276d3269334138b88a2947efaaf6335f61d547698e50dff672ade24f2c6/wrapt-1.17.0-cp311-cp311-musllinux_1_2_x86_64.whl", hash = "sha256:bdf62d25234290db1837875d4dceb2151e4ea7f9fff2ed41c0fde23ed542eb5b", size = 81835 },
    { url = "https://files.pythonhosted.org/packages/b9/4c/39595e692753ef656ea94b51382cc9aea662fef59d7910128f5906486f0e/wrapt-1.17.0-cp311-cp311-win32.whl", hash = "sha256:5d8fd17635b262448ab8f99230fe4dac991af1dabdbb92f7a70a6afac8a7e346", size = 36412 },
    { url = "https://files.pythonhosted.org/packages/63/bb/c293a67fb765a2ada48f48cd0f2bb957da8161439da4c03ea123b9894c02/wrapt-1.17.0-cp311-cp311-win_amd64.whl", hash = "sha256:92a3d214d5e53cb1db8b015f30d544bc9d3f7179a05feb8f16df713cecc2620a", size = 38744 },
    { url = "https://files.pythonhosted.org/packages/85/82/518605474beafff11f1a34759f6410ab429abff9f7881858a447e0d20712/wrapt-1.17.0-cp312-cp312-macosx_11_0_arm64.whl", hash = "sha256:89fc28495896097622c3fc238915c79365dd0ede02f9a82ce436b13bd0ab7569", size = 38904 },
    { url = "https://files.pythonhosted.org/packages/80/6c/17c3b2fed28edfd96d8417c865ef0b4c955dc52c4e375d86f459f14340f1/wrapt-1.17.0-cp312-cp312-manylinux_2_17_aarch64.manylinux2014_aarch64.whl", hash = "sha256:875d240fdbdbe9e11f9831901fb8719da0bd4e6131f83aa9f69b96d18fae7504", size = 88622 },
    { url = "https://files.pythonhosted.org/packages/4a/11/60ecdf3b0fd3dca18978d89acb5d095a05f23299216e925fcd2717c81d93/wrapt-1.17.0-cp312-cp312-manylinux_2_5_i686.manylinux1_i686.manylinux_2_17_i686.manylinux2014_i686.whl", hash = "sha256:e5ed16d95fd142e9c72b6c10b06514ad30e846a0d0917ab406186541fe68b451", size = 80920 },
    { url = "https://files.pythonhosted.org/packages/d2/50/dbef1a651578a3520d4534c1e434989e3620380c1ad97e309576b47f0ada/wrapt-1.17.0-cp312-cp312-manylinux_2_5_x86_64.manylinux1_x86_64.manylinux_2_17_x86_64.manylinux2014_x86_64.whl", hash = "sha256:18b956061b8db634120b58f668592a772e87e2e78bc1f6a906cfcaa0cc7991c1", size = 89170 },
    { url = "https://files.pythonhosted.org/packages/44/a2/78c5956bf39955288c9e0dd62e807b308c3aa15a0f611fbff52aa8d6b5ea/wrapt-1.17.0-cp312-cp312-musllinux_1_2_aarch64.whl", hash = "sha256:daba396199399ccabafbfc509037ac635a6bc18510ad1add8fd16d4739cdd106", size = 86748 },
    { url = "https://files.pythonhosted.org/packages/99/49/2ee413c78fc0bdfebe5bee590bf3becdc1fab0096a7a9c3b5c9666b2415f/wrapt-1.17.0-cp312-cp312-musllinux_1_2_i686.whl", hash = "sha256:4d63f4d446e10ad19ed01188d6c1e1bb134cde8c18b0aa2acfd973d41fcc5ada", size = 79734 },
    { url = "https://files.pythonhosted.org/packages/c0/8c/4221b7b270e36be90f0930fe15a4755a6ea24093f90b510166e9ed7861ea/wrapt-1.17.0-cp312-cp312-musllinux_1_2_x86_64.whl", hash = "sha256:8a5e7cc39a45fc430af1aefc4d77ee6bad72c5bcdb1322cfde852c15192b8bd4", size = 87552 },
    { url = "https://files.pythonhosted.org/packages/4c/6b/1aaccf3efe58eb95e10ce8e77c8909b7a6b0da93449a92c4e6d6d10b3a3d/wrapt-1.17.0-cp312-cp312-win32.whl", hash = "sha256:0a0a1a1ec28b641f2a3a2c35cbe86c00051c04fffcfcc577ffcdd707df3f8635", size = 36647 },
    { url = "https://files.pythonhosted.org/packages/b3/4f/243f88ac49df005b9129194c6511b3642818b3e6271ddea47a15e2ee4934/wrapt-1.17.0-cp312-cp312-win_amd64.whl", hash = "sha256:3c34f6896a01b84bab196f7119770fd8466c8ae3dfa73c59c0bb281e7b588ce7", size = 38830 },
    { url = "https://files.pythonhosted.org/packages/67/9c/38294e1bb92b055222d1b8b6591604ca4468b77b1250f59c15256437644f/wrapt-1.17.0-cp313-cp313-macosx_11_0_arm64.whl", hash = "sha256:714c12485aa52efbc0fc0ade1e9ab3a70343db82627f90f2ecbc898fdf0bb181", size = 38904 },
    { url = "https://files.pythonhosted.org/packages/78/b6/76597fb362cbf8913a481d41b14b049a8813cd402a5d2f84e57957c813ae/wrapt-1.17.0-cp313-cp313-manylinux_2_17_aarch64.manylinux2014_aarch64.whl", hash = "sha256:da427d311782324a376cacb47c1a4adc43f99fd9d996ffc1b3e8529c4074d393", size = 88608 },
    { url = "https://files.pythonhosted.org/packages/bc/69/b500884e45b3881926b5f69188dc542fb5880019d15c8a0df1ab1dfda1f7/wrapt-1.17.0-cp313-cp313-manylinux_2_5_i686.manylinux1_i686.manylinux_2_17_i686.manylinux2014_i686.whl", hash = "sha256:ba1739fb38441a27a676f4de4123d3e858e494fac05868b7a281c0a383c098f4", size = 80879 },
    { url = "https://files.pythonhosted.org/packages/52/31/f4cc58afe29eab8a50ac5969963010c8b60987e719c478a5024bce39bc42/wrapt-1.17.0-cp313-cp313-manylinux_2_5_x86_64.manylinux1_x86_64.manylinux_2_17_x86_64.manylinux2014_x86_64.whl", hash = "sha256:e711fc1acc7468463bc084d1b68561e40d1eaa135d8c509a65dd534403d83d7b", size = 89119 },
    { url = "https://files.pythonhosted.org/packages/aa/9c/05ab6bf75dbae7a9d34975fb6ee577e086c1c26cde3b6cf6051726d33c7c/wrapt-1.17.0-cp313-cp313-musllinux_1_2_aarch64.whl", hash = "sha256:140ea00c87fafc42739bd74a94a5a9003f8e72c27c47cd4f61d8e05e6dec8721", size = 86778 },
    { url = "https://files.pythonhosted.org/packages/0e/6c/4b8d42e3db355603d35fe5c9db79c28f2472a6fd1ccf4dc25ae46739672a/wrapt-1.17.0-cp313-cp313-musllinux_1_2_i686.whl", hash = "sha256:73a96fd11d2b2e77d623a7f26e004cc31f131a365add1ce1ce9a19e55a1eef90", size = 79793 },
    { url = "https://files.pythonhosted.org/packages/69/23/90e3a2ee210c0843b2c2a49b3b97ffcf9cad1387cb18cbeef9218631ed5a/wrapt-1.17.0-cp313-cp313-musllinux_1_2_x86_64.whl", hash = "sha256:0b48554952f0f387984da81ccfa73b62e52817a4386d070c75e4db7d43a28c4a", size = 87606 },
    { url = "https://files.pythonhosted.org/packages/5f/06/3683126491ca787d8d71d8d340e775d40767c5efedb35039d987203393b7/wrapt-1.17.0-cp313-cp313-win32.whl", hash = "sha256:498fec8da10e3e62edd1e7368f4b24aa362ac0ad931e678332d1b209aec93045", size = 36651 },
    { url = "https://files.pythonhosted.org/packages/f1/bc/3bf6d2ca0d2c030d324ef9272bea0a8fdaff68f3d1fa7be7a61da88e51f7/wrapt-1.17.0-cp313-cp313-win_amd64.whl", hash = "sha256:fd136bb85f4568fffca995bd3c8d52080b1e5b225dbf1c2b17b66b4c5fa02838", size = 38835 },
    { url = "https://files.pythonhosted.org/packages/ce/b5/251165c232d87197a81cd362eeb5104d661a2dd3aa1f0b33e4bf61dda8b8/wrapt-1.17.0-cp313-cp313t-macosx_11_0_arm64.whl", hash = "sha256:17fcf043d0b4724858f25b8826c36e08f9fb2e475410bece0ec44a22d533da9b", size = 40146 },
    { url = "https://files.pythonhosted.org/packages/89/33/1e1bdd3e866eeb73d8c4755db1ceb8a80d5bd51ee4648b3f2247adec4e67/wrapt-1.17.0-cp313-cp313t-manylinux_2_17_aarch64.manylinux2014_aarch64.whl", hash = "sha256:e4a557d97f12813dc5e18dad9fa765ae44ddd56a672bb5de4825527c847d6379", size = 113444 },
    { url = "https://files.pythonhosted.org/packages/9f/7c/94f53b065a43f5dc1fbdd8b80fd8f41284315b543805c956619c0b8d92f0/wrapt-1.17.0-cp313-cp313t-manylinux_2_5_i686.manylinux1_i686.manylinux_2_17_i686.manylinux2014_i686.whl", hash = "sha256:0229b247b0fc7dee0d36176cbb79dbaf2a9eb7ecc50ec3121f40ef443155fb1d", size = 101246 },
    { url = "https://files.pythonhosted.org/packages/62/5d/640360baac6ea6018ed5e34e6e80e33cfbae2aefde24f117587cd5efd4b7/wrapt-1.17.0-cp313-cp313t-manylinux_2_5_x86_64.manylinux1_x86_64.manylinux_2_17_x86_64.manylinux2014_x86_64.whl", hash = "sha256:8425cfce27b8b20c9b89d77fb50e368d8306a90bf2b6eef2cdf5cd5083adf83f", size = 109320 },
    { url = "https://files.pythonhosted.org/packages/e3/cf/6c7a00ae86a2e9482c91170aefe93f4ccda06c1ac86c4de637c69133da59/wrapt-1.17.0-cp313-cp313t-musllinux_1_2_aarch64.whl", hash = "sha256:9c900108df470060174108012de06d45f514aa4ec21a191e7ab42988ff42a86c", size = 110193 },
    { url = "https://files.pythonhosted.org/packages/cd/cc/aa718df0d20287e8f953ce0e2f70c0af0fba1d3c367db7ee8bdc46ea7003/wrapt-1.17.0-cp313-cp313t-musllinux_1_2_i686.whl", hash = "sha256:4e547b447073fc0dbfcbff15154c1be8823d10dab4ad401bdb1575e3fdedff1b", size = 100460 },
    { url = "https://files.pythonhosted.org/packages/f7/16/9f3ac99fe1f6caaa789d67b4e3c562898b532c250769f5255fa8b8b93983/wrapt-1.17.0-cp313-cp313t-musllinux_1_2_x86_64.whl", hash = "sha256:914f66f3b6fc7b915d46c1cc424bc2441841083de01b90f9e81109c9759e43ab", size = 106347 },
    { url = "https://files.pythonhosted.org/packages/64/85/c77a331b2c06af49a687f8b926fc2d111047a51e6f0b0a4baa01ff3a673a/wrapt-1.17.0-cp313-cp313t-win32.whl", hash = "sha256:a4192b45dff127c7d69b3bdfb4d3e47b64179a0b9900b6351859f3001397dabf", size = 37971 },
    { url = "https://files.pythonhosted.org/packages/05/9b/b2469f8be9efed24283fd7b9eeb8e913e9bc0715cf919ea8645e428ab7af/wrapt-1.17.0-cp313-cp313t-win_amd64.whl", hash = "sha256:4f643df3d4419ea3f856c5c3f40fec1d65ea2e89ec812c83f7767c8730f9827a", size = 40755 },
    { url = "https://files.pythonhosted.org/packages/89/03/518069f0708573c02cbba3a3e452be3642dc7d984d0a03a47e0850e2fb05/wrapt-1.17.0-cp39-cp39-macosx_11_0_arm64.whl", hash = "sha256:d751300b94e35b6016d4b1e7d0e7bbc3b5e1751e2405ef908316c2a9024008a1", size = 38765 },
    { url = "https://files.pythonhosted.org/packages/60/01/12dd81522f8c1c953e98e2cbf356ff44fbb06ef0f7523cd622ac06ad7f03/wrapt-1.17.0-cp39-cp39-manylinux_2_17_aarch64.manylinux2014_aarch64.whl", hash = "sha256:7264cbb4a18dc4acfd73b63e4bcfec9c9802614572025bdd44d0721983fc1d9c", size = 83012 },
    { url = "https://files.pythonhosted.org/packages/c4/2d/9853fe0009271b2841f839eb0e707c6b4307d169375f26c58812ecf4fd71/wrapt-1.17.0-cp39-cp39-manylinux_2_5_i686.manylinux1_i686.manylinux_2_17_i686.manylinux2014_i686.whl", hash = "sha256:33539c6f5b96cf0b1105a0ff4cf5db9332e773bb521cc804a90e58dc49b10578", size = 74759 },
    { url = "https://files.pythonhosted.org/packages/94/5c/03c911442b01b50e364572581430e12f82c3f5ea74d302907c1449d7ba36/wrapt-1.17.0-cp39-cp39-manylinux_2_5_x86_64.manylinux1_x86_64.manylinux_2_17_x86_64.manylinux2014_x86_64.whl", hash = "sha256:c30970bdee1cad6a8da2044febd824ef6dc4cc0b19e39af3085c763fdec7de33", size = 82540 },
    { url = "https://files.pythonhosted.org/packages/52/e0/ef637448514295a6b3a01cf1dff417e081e7b8cf1eb712839962459af1f6/wrapt-1.17.0-cp39-cp39-musllinux_1_2_aarch64.whl", hash = "sha256:bc7f729a72b16ee21795a943f85c6244971724819819a41ddbaeb691b2dd85ad", size = 81461 },
    { url = "https://files.pythonhosted.org/packages/7f/44/8b7d417c3aae3a35ccfe361375ee3e452901c91062e5462e1aeef98255e8/wrapt-1.17.0-cp39-cp39-musllinux_1_2_i686.whl", hash = "sha256:6ff02a91c4fc9b6a94e1c9c20f62ea06a7e375f42fe57587f004d1078ac86ca9", size = 74380 },
    { url = "https://files.pythonhosted.org/packages/af/a9/e65406a9c3a99162055efcb6bf5e0261924381228c0a7608066805da03df/wrapt-1.17.0-cp39-cp39-musllinux_1_2_x86_64.whl", hash = "sha256:2dfb7cff84e72e7bf975b06b4989477873dcf160b2fd89959c629535df53d4e0", size = 81057 },
    { url = "https://files.pythonhosted.org/packages/55/0c/111d42fb658a2f9ed7024cd5e57c08521d61646a256a3946db7d500c1551/wrapt-1.17.0-cp39-cp39-win32.whl", hash = "sha256:2399408ac33ffd5b200480ee858baa58d77dd30e0dd0cab6a8a9547135f30a88", size = 36415 },
    { url = "https://files.pythonhosted.org/packages/00/33/e7b14a7c06cedfaae064f34e95c95350de7cc10187ac173743e30a956b30/wrapt-1.17.0-cp39-cp39-win_amd64.whl", hash = "sha256:4f763a29ee6a20c529496a20a7bcb16a73de27f5da6a843249c7047daf135977", size = 38742 },
    { url = "https://files.pythonhosted.org/packages/4b/d9/a8ba5e9507a9af1917285d118388c5eb7a81834873f45df213a6fe923774/wrapt-1.17.0-py3-none-any.whl", hash = "sha256:d2c63b93548eda58abf5188e505ffed0229bf675f7c3090f8e36ad55b8cbc371", size = 23592 },
]
