version = 1
revision = 1
requires-python = ">=3.10"

[[package]]
name = "emoji"
version = "2.14.1"
source = { registry = "https://pypi.org/simple" }
sdist = { url = "https://files.pythonhosted.org/packages/cb/7d/01cddcbb6f5cc0ba72e00ddf9b1fa206c802d557fd0a20b18e130edf1336/emoji-2.14.1.tar.gz", hash = "sha256:f8c50043d79a2c1410ebfae833ae1868d5941a67a6cd4d18377e2eb0bd79346b", size = 597182 }
wheels = [
    { url = "https://files.pythonhosted.org/packages/91/db/a0335710caaa6d0aebdaa65ad4df789c15d89b7babd9a30277838a7d9aac/emoji-2.14.1-py3-none-any.whl", hash = "sha256:35a8a486c1460addb1499e3bf7929d3889b2e2841a57401903699fef595e942b", size = 590617 },
]

[[package]]
name = "fasttext-wheel"
version = "0.9.2"
source = { registry = "https://pypi.org/simple" }
dependencies = [
    { name = "numpy" },
    { name = "pybind11" },
    { name = "setuptools" },
]
sdist = { url = "https://files.pythonhosted.org/packages/c8/51/022e84b23ec435248a39f727dae94240321ebe2fdc104800de80410e1550/fasttext-wheel-0.9.2.tar.gz", hash = "sha256:056e088318ef0e0cc690c4cb18637320eaa3cdb986b62d67bb50d6a7a82e4051", size = 71384 }
wheels = [
    { url = "https://files.pythonhosted.org/packages/1e/ed/dd07bba161fd4bd08a67ab108e37b6ed919b0967913a82d33c45cc3ed047/fasttext_wheel-0.9.2-cp310-cp310-macosx_10_9_x86_64.whl", hash = "sha256:af606b17d47695a17ee87dc5a5c76e29cc957f08bd090cb2441e3815c030a99d", size = 638807 },
    { url = "https://files.pythonhosted.org/packages/c0/14/c3a40b7255b8f0d62090a153dad406855689daa44982b7ae70b84ee5cfef/fasttext_wheel-0.9.2-cp310-cp310-macosx_12_0_arm64.whl", hash = "sha256:c4e9e59778eb3f3a3c99bf3c1257791564fbafab9b80e89345ee0940c20e1648", size = 324329 },
    { url = "https://files.pythonhosted.org/packages/2a/ff/83af4b09e6500c891007ed1ee77e93c7bf6b909c69b0cf67489de3343c81/fasttext_wheel-0.9.2-cp310-cp310-manylinux2014_aarch64.whl", hash = "sha256:0e8a73ee48502dfc6243faf6799dec3067795a6dc02c1d47fedc620e80e9ee94", size = 2861268 },
    { url = "https://files.pythonhosted.org/packages/94/3d/9de31e989742bca76d85b297fe01d873cb8211ee4faaa8472a43c937783f/fasttext_wheel-0.9.2-cp310-cp310-manylinux2014_armv7l.whl", hash = "sha256:f1dba6805073d46495dc700a8e29a5524c87f141a29820664c47207260723e78", size = 2640861 },
    { url = "https://files.pythonhosted.org/packages/cb/cb/f5c76ed5c886dd5323e91c0d8d0264a3fae7a398a5fa5fb63eaf226d7893/fasttext_wheel-0.9.2-cp310-cp310-manylinux2014_ppc64.whl", hash = "sha256:3b7f0d76e2c2b20a582725dc9c7e3419bb55745ac2842271c2e785047b143ac7", size = 2907922 },
    { url = "https://files.pythonhosted.org/packages/0a/10/b1f0550ced5eb4c4a31edf8cd363e704d12a75a058a156340c794895ac1b/fasttext_wheel-0.9.2-cp310-cp310-manylinux2014_ppc64le.whl", hash = "sha256:dbad8ab4820b08273450a395f76a536044a749227ecac060ba48a1d70426768b", size = 2786856 },
    { url = "https://files.pythonhosted.org/packages/ae/00/d0ef9c22f09abc766aa50144e991e747dbb494c73636201ac2327d8ada55/fasttext_wheel-0.9.2-cp310-cp310-manylinux2014_s390x.whl", hash = "sha256:8280415f59178879963791da9b51eee23a0faf1230fbc770fe917801b5d8f3f6", size = 2829401 },
    { url = "https://files.pythonhosted.org/packages/21/f2/defd13727934b9ffa9c01c1facf1dc1353d9d19ad81e8c85f83b08d846b8/fasttext_wheel-0.9.2-cp310-cp310-manylinux_2_12_i686.manylinux2010_i686.whl", hash = "sha256:2cce299a49f50b5867fff464d1051beebe1d612b23213bb29b09f96935ca4ca0", size = 4332405 },
    { url = "https://files.pythonhosted.org/packages/cc/d9/f216866c2d31beac59ad97caa502e3208cf9b21581feba864d7c82ff5995/fasttext_wheel-0.9.2-cp310-cp310-manylinux_2_12_x86_64.manylinux2010_x86_64.whl", hash = "sha256:09a25790ad17ee21f31efe39d51e4106c718a1ed9c7ac0bdc1ad7512f2d64d22", size = 4472242 },
    { url = "https://files.pythonhosted.org/packages/14/a3/d7f8b00eb6aeca39d4beb9a683b78eaa9133e162c5cde09a9b16d4eb4611/fasttext_wheel-0.9.2-cp310-cp310-manylinux_2_17_i686.manylinux2014_i686.whl", hash = "sha256:6d5d47dacf4930254de1806b19cc603a0daac034477a27329dc7b3a4f4240d4a", size = 4342340 },
    { url = "https://files.pythonhosted.org/packages/3a/78/5af1ed52339a6c09277921f56e60cc1c167154147a3038ab77aaaf45ef19/fasttext_wheel-0.9.2-cp310-cp310-manylinux_2_17_x86_64.manylinux2014_x86_64.whl", hash = "sha256:0aa4755a3ab0717e32627ede55e9c12cd7bbba464c73af7f08a3142bd6c62df7", size = 4421996 },
    { url = "https://files.pythonhosted.org/packages/c6/fd/0f3d7275f4a4750f9ed847280df7182d7e1fe7e8dd6a329ad1fdc6f047ed/fasttext_wheel-0.9.2-cp310-cp310-win32.whl", hash = "sha256:5c4938600006dd13bb215f105adb971e8f129491e03cc5de5ac53f292cdbc9a6", size = 210491 },
    { url = "https://files.pythonhosted.org/packages/1f/08/9a495ba568887cb5f9022b600806beb39754ff0870d779b4976e039fdb24/fasttext_wheel-0.9.2-cp310-cp310-win_amd64.whl", hash = "sha256:acb1e336c63fcf46ef8965904c03589d230ebc6a3c4a7f05b0a32a7de85de11a", size = 241525 },
    { url = "https://files.pythonhosted.org/packages/e8/87/ff2a0cdcd422a951a3c000a809c2f77462085dde0192f10405377f5454e3/fasttext_wheel-0.9.2-cp311-cp311-macosx_10_9_x86_64.whl", hash = "sha256:a32cc0bee31985c5a15ae2ec4f7d777c84e84294d70969d7382961305b0851cf", size = 307771 },
    { url = "https://files.pythonhosted.org/packages/02/8a/625195477d08abc9d1674ee99c818f565c4a49849db75078c1e319a189db/fasttext_wheel-0.9.2-cp311-cp311-macosx_11_0_arm64.whl", hash = "sha256:aefd4dbecf4c243628a513c3f9f9008a4c94d63f4194cfde6d11975710f04b7c", size = 330705 },
    { url = "https://files.pythonhosted.org/packages/e3/24/8a85a2d6c80b303762f2bd296f7a3bbc1027ce6731a3d6f0bc28665c8065/fasttext_wheel-0.9.2-cp311-cp311-manylinux2014_aarch64.whl", hash = "sha256:ef5be5e24ad4aab61eb42c30e1a7909464b20958907c23dfe4037ef247755254", size = 2882873 },
    { url = "https://files.pythonhosted.org/packages/05/75/105f62d1d24e0bae7c53893c1bbe3cf6eed71c6aa33961105058647e2409/fasttext_wheel-0.9.2-cp311-cp311-manylinux2014_armv7l.whl", hash = "sha256:2dcbe5cb3ebad68667772ff2457d1d5ced69e9caa19fe35e53fe1b0c68db69f6", size = 2661872 },
    { url = "https://files.pythonhosted.org/packages/2d/86/2b43814c0f0722e3800ffb0ab873f7d17d9ec107d0b7b477583e6e8ac769/fasttext_wheel-0.9.2-cp311-cp311-manylinux2014_ppc64.whl", hash = "sha256:b1e6c4aee8dfc5629aba54c0c044eb0c699b3f82ee5f0f1a8edf69c84ffaa1bd", size = 2931234 },
    { url = "https://files.pythonhosted.org/packages/31/c4/74783db26f0067ce9508678b18e033b0d0575e389a7a93431aae0338afcd/fasttext_wheel-0.9.2-cp311-cp311-manylinux2014_ppc64le.whl", hash = "sha256:ad1a3e10354cb71cb2e182ce4cb7fa61fd2396fe4e28d52002b8f6a749138e4d", size = 2809784 },
    { url = "https://files.pythonhosted.org/packages/5d/bf/a9053e329d43a8daac6afe21f4e856b9f2dabfd69e2a8359c23e3c2e345b/fasttext_wheel-0.9.2-cp311-cp311-manylinux2014_s390x.whl", hash = "sha256:c7b94290bc5bf1a8f2cf6ca2e84364bca3588525625907323d3a77bc96365915", size = 2849750 },
    { url = "https://files.pythonhosted.org/packages/64/4d/39e0520fbbde6861467948dfd188aefca614c671e5801ca86b95059f9b1d/fasttext_wheel-0.9.2-cp311-cp311-manylinux_2_17_i686.manylinux2014_i686.whl", hash = "sha256:9e09cff3f2002cdef5f046a0969a0bf886d5386c2eb1c15874d90f9a95edb8d0", size = 4351369 },
    { url = "https://files.pythonhosted.org/packages/f6/13/94644fa56b36d5638e2c689f4506e2685a13c78765d03ae22294711460d4/fasttext_wheel-0.9.2-cp311-cp311-manylinux_2_17_x86_64.manylinux2014_x86_64.whl", hash = "sha256:1ec13d485e0202e729b3bcb7283dda9c499581f691fa8e835e237ee5cf69a2b5", size = 4430756 },
    { url = "https://files.pythonhosted.org/packages/d9/e3/401187b0dbb79c9e878f74aa70921478817ef3a154d2edd2b41c5ab4d476/fasttext_wheel-0.9.2-cp311-cp311-win32.whl", hash = "sha256:39d3201a8e6dabf59c0d8f9a7064d12bb996bca38f5f15e5a678e12fcbd39a35", size = 202482 },
    { url = "https://files.pythonhosted.org/packages/96/58/2d1c2557cefa8d30c7e7ed182cac53cc811b4dcf265ffa64fb8e8a6287c5/fasttext_wheel-0.9.2-cp311-cp311-win_amd64.whl", hash = "sha256:1afb40118fb1b39e159bbdded14834a6a95415c0be957553647b9d70c7cc45ff", size = 232405 },
    { url = "https://files.pythonhosted.org/packages/1e/80/382fc6db2a7d80f343ff26f7506f1214dcc1ac1c9fcca1d1c61faee80be7/fasttext_wheel-0.9.2-cp312-cp312-macosx_10_9_x86_64.whl", hash = "sha256:cc650bd6984ea15207ab09e56f20c2fd09fe90822f4663896185cedb79825d6d", size = 310613 },
    { url = "https://files.pythonhosted.org/packages/cf/91/9dc1baf7d53fcf980406656d568a609cdec5afa94765fd4e32850f74e8d6/fasttext_wheel-0.9.2-cp312-cp312-manylinux2014_aarch64.whl", hash = "sha256:1d673dc21be911134142642e5cf3a92537f565156ede0871f3a769108f446163", size = 2944693 },
    { url = "https://files.pythonhosted.org/packages/f3/6f/fb366b9cb5531e5df51cf67e2693d7bf9b1f4ace859e0e70d62b73c818d3/fasttext_wheel-0.9.2-cp312-cp312-manylinux2014_armv7l.whl", hash = "sha256:a0bbeaf364fdae4269648391ce44f3c4d5774ec7bea614b65b7c51254f1697fd", size = 2700507 },
    { url = "https://files.pythonhosted.org/packages/21/54/637ccc9b6f064e31151e16d7bc597696deff85998a0a6b0cec970aeb22f4/fasttext_wheel-0.9.2-cp312-cp312-manylinux2014_ppc64.whl", hash = "sha256:6ab035ecdf8debd35bf513613abaca714876b799fede8ab32c3841417178c543", size = 2986372 },
    { url = "https://files.pythonhosted.org/packages/09/c3/a9b5519a2d4eee79994a19ae8d4a093fff064802f62fde2402470c160502/fasttext_wheel-0.9.2-cp312-cp312-manylinux2014_ppc64le.whl", hash = "sha256:0a30b779f3f77eca0d31bb11c074fadbc5ab9e6e4c7cdb3135780a61d63eb3fb", size = 2866335 },
    { url = "https://files.pythonhosted.org/packages/89/09/f2832c3f4d8d38dcc072c9d15632125ccd61e62243e4d0ef99eaf545bf26/fasttext_wheel-0.9.2-cp312-cp312-manylinux2014_s390x.whl", hash = "sha256:ca27b054837168dd34b202ef59c903fd713d2307c9d27814ff67bc2d6beeadd2", size = 2903536 },
    { url = "https://files.pythonhosted.org/packages/fe/0a/4f841f20618e9dcd3420b161d26df77042837a7346aa09ed8eda002ab676/fasttext_wheel-0.9.2-cp312-cp312-manylinux_2_17_i686.manylinux2014_i686.whl", hash = "sha256:e73457b66edd1fb893092c1717102e7e7d184a9413735801a4c39d0299846940", size = 4469299 },
    { url = "https://files.pythonhosted.org/packages/ff/40/ed638abf8ac6fd0d1e7c47d07d37621e86f46522bbad0bec6e4f6d85a39d/fasttext_wheel-0.9.2-cp312-cp312-manylinux_2_17_x86_64.manylinux2014_x86_64.whl", hash = "sha256:5758d911a4e4539c75e93d58d9feee2c6de96a5addc4f4d7d76ed4e8953a4f35", size = 4565768 },
    { url = "https://files.pythonhosted.org/packages/94/98/1c655e814d470ee5ae978b21739ad8a1a598a14b9929b1e966a8fdfe5ce6/fasttext_wheel-0.9.2-cp312-cp312-win32.whl", hash = "sha256:79bfa9b168c115e3b4eab1f7694a80ca6a9ea96ee5e2e4d737e07f5b61812ae8", size = 204177 },
    { url = "https://files.pythonhosted.org/packages/d3/e1/5c1880859a122a57793d13685af6451bcb67be90bf74549bcf042c2ade6b/fasttext_wheel-0.9.2-cp312-cp312-win_amd64.whl", hash = "sha256:8a0cc9e92377d27835a71862c68782e70c9bbd2a666a1a51b2c8261fc9892470", size = 234667 },
]

[[package]]
name = "lingua-language-detector"
version = "1.3.1"
source = { registry = "https://pypi.org/simple" }
dependencies = [
    { name = "numpy" },
    { name = "regex" },
]
sdist = { url = "https://files.pythonhosted.org/packages/bb/c7/cd26d497ec18a5a84d238401dd9682743a5e037a062c45f3067ab7b16547/lingua_language_detector-1.3.1.tar.gz", hash = "sha256:a557120110bc173286d1ac277f5346e4a791f96a04863228c6b138dc1fa724bc", size = 86678361 }
wheels = [
    { url = "https://files.pythonhosted.org/packages/b5/16/95136b57a29219bc5d443825c11f806ab1a6d9f603ca7752c5545db836a0/lingua_language_detector-1.3.1-py3-none-any.whl", hash = "sha256:93410ff9dde473848e9705cf49b6c8feac917968af31726bfb42fb1f25ed707f", size = 86683162 },
]

[[package]]
name = "numpy"
version = "1.26.4"
source = { registry = "https://pypi.org/simple" }
sdist = { url = "https://files.pythonhosted.org/packages/65/6e/09db70a523a96d25e115e71cc56a6f9031e7b8cd166c1ac8438307c14058/numpy-1.26.4.tar.gz", hash = "sha256:2a02aba9ed12e4ac4eb3ea9421c420301a0c6460d9830d74a9df87efa4912010", size = 15786129 }
wheels = [
    { url = "https://files.pythonhosted.org/packages/a7/94/ace0fdea5241a27d13543ee117cbc65868e82213fb31a8eb7fe9ff23f313/numpy-1.26.4-cp310-cp310-macosx_10_9_x86_64.whl", hash = "sha256:9ff0f4f29c51e2803569d7a51c2304de5554655a60c5d776e35b4a41413830d0", size = 20631468 },
    { url = "https://files.pythonhosted.org/packages/20/f7/b24208eba89f9d1b58c1668bc6c8c4fd472b20c45573cb767f59d49fb0f6/numpy-1.26.4-cp310-cp310-macosx_11_0_arm64.whl", hash = "sha256:2e4ee3380d6de9c9ec04745830fd9e2eccb3e6cf790d39d7b98ffd19b0dd754a", size = 13966411 },
    { url = "https://files.pythonhosted.org/packages/fc/a5/4beee6488160798683eed5bdb7eead455892c3b4e1f78d79d8d3f3b084ac/numpy-1.26.4-cp310-cp310-manylinux_2_17_aarch64.manylinux2014_aarch64.whl", hash = "sha256:d209d8969599b27ad20994c8e41936ee0964e6da07478d6c35016bc386b66ad4", size = 14219016 },
    { url = "https://files.pythonhosted.org/packages/4b/d7/ecf66c1cd12dc28b4040b15ab4d17b773b87fa9d29ca16125de01adb36cd/numpy-1.26.4-cp310-cp310-manylinux_2_17_x86_64.manylinux2014_x86_64.whl", hash = "sha256:ffa75af20b44f8dba823498024771d5ac50620e6915abac414251bd971b4529f", size = 18240889 },
    { url = "https://files.pythonhosted.org/packages/24/03/6f229fe3187546435c4f6f89f6d26c129d4f5bed40552899fcf1f0bf9e50/numpy-1.26.4-cp310-cp310-musllinux_1_1_aarch64.whl", hash = "sha256:62b8e4b1e28009ef2846b4c7852046736bab361f7aeadeb6a5b89ebec3c7055a", size = 13876746 },
    { url = "https://files.pythonhosted.org/packages/39/fe/39ada9b094f01f5a35486577c848fe274e374bbf8d8f472e1423a0bbd26d/numpy-1.26.4-cp310-cp310-musllinux_1_1_x86_64.whl", hash = "sha256:a4abb4f9001ad2858e7ac189089c42178fcce737e4169dc61321660f1a96c7d2", size = 18078620 },
    { url = "https://files.pythonhosted.org/packages/d5/ef/6ad11d51197aad206a9ad2286dc1aac6a378059e06e8cf22cd08ed4f20dc/numpy-1.26.4-cp310-cp310-win32.whl", hash = "sha256:bfe25acf8b437eb2a8b2d49d443800a5f18508cd811fea3181723922a8a82b07", size = 5972659 },
    { url = "https://files.pythonhosted.org/packages/19/77/538f202862b9183f54108557bfda67e17603fc560c384559e769321c9d92/numpy-1.26.4-cp310-cp310-win_amd64.whl", hash = "sha256:b97fe8060236edf3662adfc2c633f56a08ae30560c56310562cb4f95500022d5", size = 15808905 },
    { url = "https://files.pythonhosted.org/packages/11/57/baae43d14fe163fa0e4c47f307b6b2511ab8d7d30177c491960504252053/numpy-1.26.4-cp311-cp311-macosx_10_9_x86_64.whl", hash = "sha256:4c66707fabe114439db9068ee468c26bbdf909cac0fb58686a42a24de1760c71", size = 20630554 },
    { url = "https://files.pythonhosted.org/packages/1a/2e/151484f49fd03944c4a3ad9c418ed193cfd02724e138ac8a9505d056c582/numpy-1.26.4-cp311-cp311-macosx_11_0_arm64.whl", hash = "sha256:edd8b5fe47dab091176d21bb6de568acdd906d1887a4584a15a9a96a1dca06ef", size = 13997127 },
    { url = "https://files.pythonhosted.org/packages/79/ae/7e5b85136806f9dadf4878bf73cf223fe5c2636818ba3ab1c585d0403164/numpy-1.26.4-cp311-cp311-manylinux_2_17_aarch64.manylinux2014_aarch64.whl", hash = "sha256:7ab55401287bfec946ced39700c053796e7cc0e3acbef09993a9ad2adba6ca6e", size = 14222994 },
    { url = "https://files.pythonhosted.org/packages/3a/d0/edc009c27b406c4f9cbc79274d6e46d634d139075492ad055e3d68445925/numpy-1.26.4-cp311-cp311-manylinux_2_17_x86_64.manylinux2014_x86_64.whl", hash = "sha256:666dbfb6ec68962c033a450943ded891bed2d54e6755e35e5835d63f4f6931d5", size = 18252005 },
    { url = "https://files.pythonhosted.org/packages/09/bf/2b1aaf8f525f2923ff6cfcf134ae5e750e279ac65ebf386c75a0cf6da06a/numpy-1.26.4-cp311-cp311-musllinux_1_1_aarch64.whl", hash = "sha256:96ff0b2ad353d8f990b63294c8986f1ec3cb19d749234014f4e7eb0112ceba5a", size = 13885297 },
    { url = "https://files.pythonhosted.org/packages/df/a0/4e0f14d847cfc2a633a1c8621d00724f3206cfeddeb66d35698c4e2cf3d2/numpy-1.26.4-cp311-cp311-musllinux_1_1_x86_64.whl", hash = "sha256:60dedbb91afcbfdc9bc0b1f3f402804070deed7392c23eb7a7f07fa857868e8a", size = 18093567 },
    { url = "https://files.pythonhosted.org/packages/d2/b7/a734c733286e10a7f1a8ad1ae8c90f2d33bf604a96548e0a4a3a6739b468/numpy-1.26.4-cp311-cp311-win32.whl", hash = "sha256:1af303d6b2210eb850fcf03064d364652b7120803a0b872f5211f5234b399f20", size = 5968812 },
    { url = "https://files.pythonhosted.org/packages/3f/6b/5610004206cf7f8e7ad91c5a85a8c71b2f2f8051a0c0c4d5916b76d6cbb2/numpy-1.26.4-cp311-cp311-win_amd64.whl", hash = "sha256:cd25bcecc4974d09257ffcd1f098ee778f7834c3ad767fe5db785be9a4aa9cb2", size = 15811913 },
    { url = "https://files.pythonhosted.org/packages/95/12/8f2020a8e8b8383ac0177dc9570aad031a3beb12e38847f7129bacd96228/numpy-1.26.4-cp312-cp312-macosx_10_9_x86_64.whl", hash = "sha256:b3ce300f3644fb06443ee2222c2201dd3a89ea6040541412b8fa189341847218", size = 20335901 },
    { url = "https://files.pythonhosted.org/packages/75/5b/ca6c8bd14007e5ca171c7c03102d17b4f4e0ceb53957e8c44343a9546dcc/numpy-1.26.4-cp312-cp312-macosx_11_0_arm64.whl", hash = "sha256:03a8c78d01d9781b28a6989f6fa1bb2c4f2d51201cf99d3dd875df6fbd96b23b", size = 13685868 },
    { url = "https://files.pythonhosted.org/packages/79/f8/97f10e6755e2a7d027ca783f63044d5b1bc1ae7acb12afe6a9b4286eac17/numpy-1.26.4-cp312-cp312-manylinux_2_17_aarch64.manylinux2014_aarch64.whl", hash = "sha256:9fad7dcb1aac3c7f0584a5a8133e3a43eeb2fe127f47e3632d43d677c66c102b", size = 13925109 },
    { url = "https://files.pythonhosted.org/packages/0f/50/de23fde84e45f5c4fda2488c759b69990fd4512387a8632860f3ac9cd225/numpy-1.26.4-cp312-cp312-manylinux_2_17_x86_64.manylinux2014_x86_64.whl", hash = "sha256:675d61ffbfa78604709862923189bad94014bef562cc35cf61d3a07bba02a7ed", size = 17950613 },
    { url = "https://files.pythonhosted.org/packages/4c/0c/9c603826b6465e82591e05ca230dfc13376da512b25ccd0894709b054ed0/numpy-1.26.4-cp312-cp312-musllinux_1_1_aarch64.whl", hash = "sha256:ab47dbe5cc8210f55aa58e4805fe224dac469cde56b9f731a4c098b91917159a", size = 13572172 },
    { url = "https://files.pythonhosted.org/packages/76/8c/2ba3902e1a0fc1c74962ea9bb33a534bb05984ad7ff9515bf8d07527cadd/numpy-1.26.4-cp312-cp312-musllinux_1_1_x86_64.whl", hash = "sha256:1dda2e7b4ec9dd512f84935c5f126c8bd8b9f2fc001e9f54af255e8c5f16b0e0", size = 17786643 },
    { url = "https://files.pythonhosted.org/packages/28/4a/46d9e65106879492374999e76eb85f87b15328e06bd1550668f79f7b18c6/numpy-1.26.4-cp312-cp312-win32.whl", hash = "sha256:50193e430acfc1346175fcbdaa28ffec49947a06918b7b92130744e81e640110", size = 5677803 },
    { url = "https://files.pythonhosted.org/packages/16/2e/86f24451c2d530c88daf997cb8d6ac622c1d40d19f5a031ed68a4b73a374/numpy-1.26.4-cp312-cp312-win_amd64.whl", hash = "sha256:08beddf13648eb95f8d867350f6a018a4be2e5ad54c8d8caed89ebca558b2818", size = 15517754 },
]

[[package]]
name = "pybind11"
version = "2.13.6"
source = { registry = "https://pypi.org/simple" }
sdist = { url = "https://files.pythonhosted.org/packages/d2/c1/72b9622fcb32ff98b054f724e213c7f70d6898baa714f4516288456ceaba/pybind11-2.13.6.tar.gz", hash = "sha256:ba6af10348c12b24e92fa086b39cfba0eff619b61ac77c406167d813b096d39a", size = 218403 }
wheels = [
    { url = "https://files.pythonhosted.org/packages/13/2f/0f24b288e2ce56f51c920137620b4434a38fd80583dbbe24fc2a1656c388/pybind11-2.13.6-py3-none-any.whl", hash = "sha256:237c41e29157b962835d356b370ededd57594a26d5894a795960f0047cb5caf5", size = 243282 },
]

[[package]]
name = "regex"
version = "2022.10.31"
source = { registry = "https://pypi.org/simple" }
sdist = { url = "https://files.pythonhosted.org/packages/27/b5/92d404279fd5f4f0a17235211bb0f5ae7a0d9afb7f439086ec247441ed28/regex-2022.10.31.tar.gz", hash = "sha256:a3a98921da9a1bf8457aeee6a551948a83601689e5ecdd736894ea9bbec77e83", size = 391554 }
wheels = [
    { url = "https://files.pythonhosted.org/packages/84/93/67595e62890fa944da394795f0425140917340d35d9cfd49672a8dc48c1a/regex-2022.10.31-cp310-cp310-macosx_10_9_x86_64.whl", hash = "sha256:a8ff454ef0bb061e37df03557afda9d785c905dab15584860f982e88be73015f", size = 293917 },
    { url = "https://files.pythonhosted.org/packages/8d/50/7dd264adf08bf3ca588562bac344a825174e8e57c75ad3e5ed169aba5718/regex-2022.10.31-cp310-cp310-macosx_11_0_arm64.whl", hash = "sha256:1eba476b1b242620c266edf6325b443a2e22b633217a9835a52d8da2b5c051f9", size = 287178 },
    { url = "https://files.pythonhosted.org/packages/30/eb/a28fad5b882d3e711c75414b3c99fb2954f78fa450deeed9fe9ad3bf2534/regex-2022.10.31-cp310-cp310-manylinux_2_17_aarch64.manylinux2014_aarch64.whl", hash = "sha256:d0e5af9a9effb88535a472e19169e09ce750c3d442fb222254a276d77808620b", size = 769845 },
    { url = "https://files.pythonhosted.org/packages/bb/ba/92096d78cbdd34dce674962392a0e57ce748a9e5f737f12b0001723d959a/regex-2022.10.31-cp310-cp310-manylinux_2_17_ppc64le.manylinux2014_ppc64le.whl", hash = "sha256:d03fe67b2325cb3f09be029fd5da8df9e6974f0cde2c2ac6a79d2634e791dd57", size = 809592 },
    { url = "https://files.pythonhosted.org/packages/48/1e/829551abceba73e7e9b1f94a311a53e9c0f60c7deec8821633fc3b343a58/regex-2022.10.31-cp310-cp310-manylinux_2_17_s390x.manylinux2014_s390x.whl", hash = "sha256:a9d0b68ac1743964755ae2d89772c7e6fb0118acd4d0b7464eaf3921c6b49dd4", size = 795944 },
    { url = "https://files.pythonhosted.org/packages/be/d3/7e334b8bc597dea6200f7bb969fc693d4c71c4a395750e28d09c8e5a8104/regex-2022.10.31-cp310-cp310-manylinux_2_17_x86_64.manylinux2014_x86_64.whl", hash = "sha256:8a45b6514861916c429e6059a55cf7db74670eaed2052a648e3e4d04f070e001", size = 770479 },
    { url = "https://files.pythonhosted.org/packages/f8/ca/105a8f6d70499f2687a857570dcd411c0621a347b06c27126cffc32e77e0/regex-2022.10.31-cp310-cp310-manylinux_2_5_i686.manylinux1_i686.manylinux_2_17_i686.manylinux2014_i686.whl", hash = "sha256:8b0886885f7323beea6f552c28bff62cbe0983b9fbb94126531693ea6c5ebb90", size = 757876 },
    { url = "https://files.pythonhosted.org/packages/7c/cf/50844f62052bb858987fe3970315134e3be6167fc76e11d328e7fcf876ff/regex-2022.10.31-cp310-cp310-manylinux_2_5_x86_64.manylinux1_x86_64.manylinux_2_12_x86_64.manylinux2010_x86_64.whl", hash = "sha256:5aefb84a301327ad115e9d346c8e2760009131d9d4b4c6b213648d02e2abe144", size = 685151 },
    { url = "https://files.pythonhosted.org/packages/cc/c2/6d41a7a9690d4543b1f438f45576af96523c4f1caeb5307fff3350ec7d0b/regex-2022.10.31-cp310-cp310-musllinux_1_1_aarch64.whl", hash = "sha256:702d8fc6f25bbf412ee706bd73019da5e44a8400861dfff7ff31eb5b4a1276dc", size = 739977 },
    { url = "https://files.pythonhosted.org/packages/3c/d1/49b9a2cb289c20888b23bb7f8f29e3ad7982785b10041477fd56ed5783c5/regex-2022.10.31-cp310-cp310-musllinux_1_1_i686.whl", hash = "sha256:a3c1ebd4ed8e76e886507c9eddb1a891673686c813adf889b864a17fafcf6d66", size = 728265 },
    { url = "https://files.pythonhosted.org/packages/08/cb/0445a970e755eb806945a166729210861391f645223187aa11fcbbb606ce/regex-2022.10.31-cp310-cp310-musllinux_1_1_ppc64le.whl", hash = "sha256:50921c140561d3db2ab9f5b11c5184846cde686bb5a9dc64cae442926e86f3af", size = 762419 },
    { url = "https://files.pythonhosted.org/packages/23/8d/1df5d30ce1e5ae3edfb775b892c93882d13ba93991314871fec569f16829/regex-2022.10.31-cp310-cp310-musllinux_1_1_s390x.whl", hash = "sha256:7db345956ecce0c99b97b042b4ca7326feeec6b75facd8390af73b18e2650ffc", size = 763152 },
    { url = "https://files.pythonhosted.org/packages/00/7e/ab5a54f60e36f4de0610850866b848839a7b02ad4f05755bce429fbc1a5a/regex-2022.10.31-cp310-cp310-musllinux_1_1_x86_64.whl", hash = "sha256:763b64853b0a8f4f9cfb41a76a4a85a9bcda7fdda5cb057016e7706fde928e66", size = 741683 },
    { url = "https://files.pythonhosted.org/packages/2d/db/45ca83007d69cc594c32d7feae20b1b6067f829b2b0d27bb769d7188dfa1/regex-2022.10.31-cp310-cp310-win32.whl", hash = "sha256:44136355e2f5e06bf6b23d337a75386371ba742ffa771440b85bed367c1318d1", size = 255766 },
    { url = "https://files.pythonhosted.org/packages/b7/0a/c865345e6ece671f16ac1fe79bf4ba771c528c2e4a56607898cdf065c285/regex-2022.10.31-cp310-cp310-win_amd64.whl", hash = "sha256:bfff48c7bd23c6e2aec6454aaf6edc44444b229e94743b34bdcdda2e35126cf5", size = 267701 },
    { url = "https://files.pythonhosted.org/packages/1a/1a/e7ae9a041d3e103f98c9a79d8abb235cca738b7bd6da3fb5e4066d30e4d7/regex-2022.10.31-cp311-cp311-macosx_10_9_x86_64.whl", hash = "sha256:4b4b1fe58cd102d75ef0552cf17242705ce0759f9695334a56644ad2d83903fe", size = 293971 },
    { url = "https://files.pythonhosted.org/packages/fa/54/acb97b65bc556520d61262ff22ad7d4baff96e3219fa1dc5425269def873/regex-2022.10.31-cp311-cp311-macosx_11_0_arm64.whl", hash = "sha256:542e3e306d1669b25936b64917285cdffcd4f5c6f0247636fec037187bd93542", size = 287195 },
    { url = "https://files.pythonhosted.org/packages/c1/65/3ee862c7a78ce1f9bd748d460e379317464c2658e645a1a7c1304d36e819/regex-2022.10.31-cp311-cp311-manylinux_2_17_aarch64.manylinux2014_aarch64.whl", hash = "sha256:c27cc1e4b197092e50ddbf0118c788d9977f3f8f35bfbbd3e76c1846a3443df7", size = 781858 },
    { url = "https://files.pythonhosted.org/packages/55/73/f71734c0357e41673b00bff0a8675ffb67328ba18f24614ec5af2073b56f/regex-2022.10.31-cp311-cp311-manylinux_2_17_ppc64le.manylinux2014_ppc64le.whl", hash = "sha256:b8e38472739028e5f2c3a4aded0ab7eadc447f0d84f310c7a8bb697ec417229e", size = 821531 },
    { url = "https://files.pythonhosted.org/packages/83/ad/defd48762ff8fb2d06667b1e8bef471c2cc71a1b3d6ead26b841bfd9da99/regex-2022.10.31-cp311-cp311-manylinux_2_17_s390x.manylinux2014_s390x.whl", hash = "sha256:76c598ca73ec73a2f568e2a72ba46c3b6c8690ad9a07092b18e48ceb936e9f0c", size = 808819 },
    { url = "https://files.pythonhosted.org/packages/3e/cf/97a89e2b798988118beed6620dbfbc9b4bd72d8177b3b4ed47d80da26df9/regex-2022.10.31-cp311-cp311-manylinux_2_17_x86_64.manylinux2014_x86_64.whl", hash = "sha256:c28d3309ebd6d6b2cf82969b5179bed5fefe6142c70f354ece94324fa11bf6a1", size = 781085 },
    { url = "https://files.pythonhosted.org/packages/fd/12/c5d64d860c2d1be211a91b2416097d5e40699b80296cb4e99a064d4b4ff2/regex-2022.10.31-cp311-cp311-manylinux_2_5_i686.manylinux1_i686.manylinux_2_17_i686.manylinux2014_i686.whl", hash = "sha256:9af69f6746120998cd9c355e9c3c6aec7dff70d47247188feb4f829502be8ab4", size = 769611 },
    { url = "https://files.pythonhosted.org/packages/04/de/e8ed731b334e5f962ef035a32f151fffb2f839eccfba40c3ebdac9b26e03/regex-2022.10.31-cp311-cp311-musllinux_1_1_aarch64.whl", hash = "sha256:a5f9505efd574d1e5b4a76ac9dd92a12acb2b309551e9aa874c13c11caefbe4f", size = 746313 },
    { url = "https://files.pythonhosted.org/packages/18/9c/b52170b2dc8d65a69f3369d0bd1a3102df295edfccfef1b41e82b6aef796/regex-2022.10.31-cp311-cp311-musllinux_1_1_i686.whl", hash = "sha256:5ff525698de226c0ca743bfa71fc6b378cda2ddcf0d22d7c37b1cc925c9650a5", size = 737036 },
    { url = "https://files.pythonhosted.org/packages/d2/a6/2af9cc002057b75868ec7740fe3acb8f89796c9d29caf5775fefd96c3240/regex-2022.10.31-cp311-cp311-musllinux_1_1_ppc64le.whl", hash = "sha256:4fe7fda2fe7c8890d454f2cbc91d6c01baf206fbc96d89a80241a02985118c0c", size = 771052 },
    { url = "https://files.pythonhosted.org/packages/87/50/e237090e90a0b0c8eab40af7d6f2faaf1432c4dca232de9a9c789faf3154/regex-2022.10.31-cp311-cp311-musllinux_1_1_s390x.whl", hash = "sha256:2cdc55ca07b4e70dda898d2ab7150ecf17c990076d3acd7a5f3b25cb23a69f1c", size = 772708 },
    { url = "https://files.pythonhosted.org/packages/07/ba/7021c60d02f7fe7c3e4ee9636d8a2d93bd894a5063c2b5f35e2e31b1f3ad/regex-2022.10.31-cp311-cp311-musllinux_1_1_x86_64.whl", hash = "sha256:44a6c2f6374e0033873e9ed577a54a3602b4f609867794c1a3ebba65e4c93ee7", size = 750463 },
    { url = "https://files.pythonhosted.org/packages/08/28/f038ff3c5cfd30760bccefbe0b98d51cf61192ec8d3d55dd51564bf6c6b8/regex-2022.10.31-cp311-cp311-win32.whl", hash = "sha256:d8716f82502997b3d0895d1c64c3b834181b1eaca28f3f6336a71777e437c2af", size = 255769 },
    { url = "https://files.pythonhosted.org/packages/91/4e/fb78efdac24862ef6ea8009b0b9cdb5f25968d1b262cc32abd9d483f50b1/regex-2022.10.31-cp311-cp311-win_amd64.whl", hash = "sha256:61edbca89aa3f5ef7ecac8c23d975fe7261c12665f1d90a6b1af527bba86ce61", size = 267703 },
]

[[package]]
name = "setuptools"
version = "75.8.0"
source = { registry = "https://pypi.org/simple" }
sdist = { url = "https://files.pythonhosted.org/packages/92/ec/089608b791d210aec4e7f97488e67ab0d33add3efccb83a056cbafe3a2a6/setuptools-75.8.0.tar.gz", hash = "sha256:c5afc8f407c626b8313a86e10311dd3f661c6cd9c09d4bf8c15c0e11f9f2b0e6", size = 1343222 }
wheels = [
    { url = "https://files.pythonhosted.org/packages/69/8a/b9dc7678803429e4a3bc9ba462fa3dd9066824d3c607490235c6a796be5a/setuptools-75.8.0-py3-none-any.whl", hash = "sha256:e3982f444617239225d675215d51f6ba05f845d4eec313da4418fdbb56fb27e3", size = 1228782 },
]

[[package]]
name = "short-language-detection"
version = "0.1.0"
source = { editable = "." }
dependencies = [
    { name = "emoji" },
    { name = "lingua-language-detector" },
    { name = "shortlanguagedetection" },
    { name = "unicodedata2" },
]

[package.metadata]
requires-dist = [
    { name = "emoji", specifier = ">=2.14.1" },
    { name = "lingua-language-detector", specifier = ">=1.3.1" },
    { name = "shortlanguagedetection", git = "https://github.com/Interaction-Bot/LanguageDetection.git" },
    { name = "unicodedata2", specifier = ">=16.0.0" },
]

[[package]]
name = "shortlanguagedetection"
version = "0.0.9"
source = { git = "https://github.com/Interaction-Bot/LanguageDetection.git#75af588f6a4756a715ad9798881efd347bb7d5ba" }
dependencies = [
    { name = "emoji" },
    { name = "fasttext-wheel" },
    { name = "lingua-language-detector" },
]

[[package]]
name = "unicodedata2"
version = "16.0.0"
source = { registry = "https://pypi.org/simple" }
sdist = { url = "https://files.pythonhosted.org/packages/8c/c6/f1aa23ed42259789c1c9bdeac219bfe72cc3046c3fc39ad3155705f81d9b/unicodedata2-16.0.0.tar.gz", hash = "sha256:05488d6592b59cd78b61ec37d38725416b2df62efafa6a0d63a631b27aa474fc", size = 672155 }
wheels = [
    { url = "https://files.pythonhosted.org/packages/ff/9e/a9f247ea6dc95d5bd47f2493aed07bfbe66dbd8c3154a5d3fa5fad5f586a/unicodedata2-16.0.0-cp310-cp310-macosx_10_9_universal2.whl", hash = "sha256:9bae42b4f00a612dae3d26d0a69ddae77976158062824ea8ddd97f09556ffe72", size = 963552 },
    { url = "https://files.pythonhosted.org/packages/6b/70/782642aa08544edaa41b4e9cc81df11d5f3fd230f1b876c4807b4240bb86/unicodedata2-16.0.0-cp310-cp310-macosx_11_0_arm64.whl", hash = "sha256:0e648adfba023a5e982113f6272be7e907eb7ec03e67c9a8d877cb33c1b95e69", size = 489400 },
    { url = "https://files.pythonhosted.org/packages/81/47/339b32172bea8889e142f9b2a1f14e45b881eed2ce8b3600cc1249fe1947/unicodedata2-16.0.0-cp310-cp310-manylinux_2_17_aarch64.manylinux2014_aarch64.whl", hash = "sha256:4771bde0319be8f1b32b940cbda6859e4f5cadd5bc352c9060381b0408c9097b", size = 523631 },
    { url = "https://files.pythonhosted.org/packages/df/6f/4bc2d2de270af2db6914299e06902f767311b85199a5ccf8b4c368af5cf7/unicodedata2-16.0.0-cp310-cp310-manylinux_2_17_x86_64.manylinux2014_x86_64.whl", hash = "sha256:f5b6c9a41718670139ccc72eb60e2d436a77661774c0d9869dddfa1203cd8f26", size = 522937 },
    { url = "https://files.pythonhosted.org/packages/e7/02/212bdaabe6ae949d25524c299a8976051e836ce6618e119f0c558c43ba1c/unicodedata2-16.0.0-cp310-cp310-musllinux_1_2_aarch64.whl", hash = "sha256:7976f82cd8023d2792e4e4926e135a7b6805ffbcf8d74c54fcf5171c8c949169", size = 521169 },
    { url = "https://files.pythonhosted.org/packages/e3/bb/b63e2425405f0b9b3850567a386f1616df794463f6e26a4002acc68f3a8e/unicodedata2-16.0.0-cp310-cp310-musllinux_1_2_x86_64.whl", hash = "sha256:9f59788592c3e5491fab7565f8395de28d1f48d57bb6568df4864bf5de0a6861", size = 522045 },
    { url = "https://files.pythonhosted.org/packages/21/66/26ecd07664852c645dda7df8392b6211ff929e5a3f7645d472df0e1bff6f/unicodedata2-16.0.0-cp310-cp310-win32.whl", hash = "sha256:fe61cc8281ca059c4541506f2bc07bf04671844c0e318424761fcb26bc8c5295", size = 479243 },
    { url = "https://files.pythonhosted.org/packages/d4/cd/85aef7d73c7604b8c351e4f137b81f0d50ff27f9a87bbb917d129af4c598/unicodedata2-16.0.0-cp310-cp310-win_amd64.whl", hash = "sha256:e844807f8e33142a35ff43db606a1c9f426e364ad1b5afee0109adb622a4f57a", size = 479353 },
    { url = "https://files.pythonhosted.org/packages/4e/28/e8c98a8cfe0338fd20768600aa87e460e863984dc03e07b57deeb2a990fa/unicodedata2-16.0.0-cp311-cp311-macosx_10_9_universal2.whl", hash = "sha256:94f6cd7acc8177b3bba46cc605bcc586df1e7a8d0b1a59c0663ba6b8a2c65861", size = 963405 },
    { url = "https://files.pythonhosted.org/packages/ef/bf/8b4caa3b3f4ea377cbebe3d05c07477647673b8816e28420e831b82feb1e/unicodedata2-16.0.0-cp311-cp311-macosx_11_0_arm64.whl", hash = "sha256:95b36de92a05eadf74ea35130440e5748985f358ec9503eeaad7685a707d75f2", size = 489323 },
    { url = "https://files.pythonhosted.org/packages/07/bd/0d7aed7b6c9c53bcb3867d7a8ce7e43ba21a69584638cdfdb65129e8ef23/unicodedata2-16.0.0-cp311-cp311-manylinux_2_17_x86_64.manylinux2014_x86_64.whl", hash = "sha256:38e5effb78231cbc790ac9417d07735b7a61686ecd0f5d7464efd6950944f9b3", size = 526269 },
    { url = "https://files.pythonhosted.org/packages/aa/cd/cc73fca6314ef065140c621a2003720e9e62ac3a7a0c4e4c90d97b537b0d/unicodedata2-16.0.0-cp311-cp311-musllinux_1_2_x86_64.whl", hash = "sha256:b4bae57b986fd7a4cd0e8fed94abc2787e82d29d8f3cdd535a2cd5196b7a627a", size = 525373 },
    { url = "https://files.pythonhosted.org/packages/2b/93/d63d8342433800cbb8f76bcd00b232bdc0cc4607329669ef19162f77e47e/unicodedata2-16.0.0-cp311-cp311-win32.whl", hash = "sha256:948355325d4e6f5ea7440760455f688c1c14c6ac49086321fbbc8d631392b5ce", size = 479186 },
    { url = "https://files.pythonhosted.org/packages/05/f1/4cd428aa54663ee904def7185d1a10f224076ca334a19cb0224211eeeab8/unicodedata2-16.0.0-cp311-cp311-win_amd64.whl", hash = "sha256:6460fae678ad4216d6c316f065d51614b8480456d4b77a1d7649533a062db515", size = 479594 },
    { url = "https://files.pythonhosted.org/packages/57/9d/e7876176bd6cf6df66c81b812559118ac8bf59e321883c2ef1634130d2f4/unicodedata2-16.0.0-cp312-cp312-macosx_10_13_universal2.whl", hash = "sha256:84ee7515900913105c3382ca7624cfa9e1199f64b80ee8cf9626b4e2786a2e09", size = 963513 },
    { url = "https://files.pythonhosted.org/packages/e7/de/179828c64de38a9c44f626b1990c044640c79efdf672060c6579b2485ecb/unicodedata2-16.0.0-cp312-cp312-macosx_11_0_arm64.whl", hash = "sha256:716f6522c6768f40a20c9e4559d68df9df84aca59a28335aa15a6ee3650a925e", size = 489355 },
    { url = "https://files.pythonhosted.org/packages/1a/22/3714f83fa32862ddcc21b501ee7d4588f5eebaf32f4a3517e2fa6639a61e/unicodedata2-16.0.0-cp312-cp312-manylinux_2_17_x86_64.manylinux2014_x86_64.whl", hash = "sha256:c042613e639dfb21ed024bf39079fe560974083efc5f14ae6efe0241fdfe0275", size = 526783 },
    { url = "https://files.pythonhosted.org/packages/19/d4/560d59720db30f86795a2f1a67857c53f1c12757e44967ba91126062f099/unicodedata2-16.0.0-cp312-cp312-musllinux_1_2_x86_64.whl", hash = "sha256:0c8902a6c194bbff878e0553e634c36267bb8a6a00ea2f9ce03f14feb5877ac5", size = 525841 },
    { url = "https://files.pythonhosted.org/packages/1f/11/63fff30d6c97aef9444c28d22073970547aebe42138061dd30078c810e52/unicodedata2-16.0.0-cp312-cp312-win32.whl", hash = "sha256:676525702833b6b4fa1d2e8e5cd4f8e67e2b1c079eb2648042b259c4809e61aa", size = 479195 },
    { url = "https://files.pythonhosted.org/packages/83/d0/3329b81cacc6aa15e738d917c2416937c9d59d38810a9fb3b3d238761a12/unicodedata2-16.0.0-cp312-cp312-win_amd64.whl", hash = "sha256:91c1f940bae6b39bc3dc9892ff0cc61de813f6d3b280775713219aaaab798210", size = 479564 },
    { url = "https://files.pythonhosted.org/packages/48/29/08bc9926673b02e43307c844b7df2ef06aa0ebe414c3ce3697b8fbd33eac/unicodedata2-16.0.0-cp313-cp313-macosx_10_13_universal2.whl", hash = "sha256:67fe65dc2a7759469f98ab34315788f597259bfd2b50c47ab58f4c1337ecd95b", size = 963524 },
    { url = "https://files.pythonhosted.org/packages/7d/fd/688c4219c53cfe4cf742c1418f2ec1d8fe1fb42846e7aba0652c2e7cf740/unicodedata2-16.0.0-cp313-cp313-macosx_11_0_arm64.whl", hash = "sha256:82d88dbf353dd3b785249278d6c4b4f9bbe10f65f3b60619ad94e5d3012802ac", size = 489369 },
    { url = "https://files.pythonhosted.org/packages/26/ef/f96d6eaf9e63e630f84b452fff95d9aec7b9590bcdb94ca3bce8a3420405/unicodedata2-16.0.0-cp313-cp313-manylinux_2_17_x86_64.manylinux2014_x86_64.whl", hash = "sha256:64fc29fd4ea52946d6105bcf1fdb42198658de2ec0bd13b996390396454437a6", size = 526672 },
    { url = "https://files.pythonhosted.org/packages/3f/34/0846e4c2e30ef8933f9bb7e430a78914ca58d8bc8f64d39caba89e13cdf1/unicodedata2-16.0.0-cp313-cp313-musllinux_1_2_x86_64.whl", hash = "sha256:1ca0a62c22dec4a76ee928cb4ca54166b986fbec150dc656890b3b2fc2fa2473", size = 525882 },
    { url = "https://files.pythonhosted.org/packages/f6/07/a6543f9bb04177c571d00aa1544f6c1d86204c835e14219223f6f645de90/unicodedata2-16.0.0-cp313-cp313-win32.whl", hash = "sha256:5600f14cc73658a4d0d39c40484ae614045359021975d50ffb321aa4e3f91e06", size = 479188 },
    { url = "https://files.pythonhosted.org/packages/71/65/6017f3c06789fb128fe5cdad0946facf6eeba5174f15c69debf9b5e79873/unicodedata2-16.0.0-cp313-cp313-win_amd64.whl", hash = "sha256:4c31fd7ac232a742e14afd03c77077eb0b4b48958ed7b2ceb304c030f221613d", size = 479563 },
    { url = "https://files.pythonhosted.org/packages/09/ad/4b01d0d6110da996ecb46a54760abd526c11c846eebd28471f3d04228f3b/unicodedata2-16.0.0-pp310-pypy310_pp73-macosx_11_0_arm64.whl", hash = "sha256:5a0405320ebae0919a9976798ae5cdf3bcfb151fd383ba202027a1e0bf45d347", size = 487879 },
    { url = "https://files.pythonhosted.org/packages/05/9e/94dc0fe9158e885a9f628a6f5f13c8babb11e592acbbd704f5be5ad68a80/unicodedata2-16.0.0-pp310-pypy310_pp73-manylinux_2_17_x86_64.manylinux2014_x86_64.whl", hash = "sha256:4ffa3f03ee8eb66e87fc6df42ed85e14142307e6e6756962098f1d5d2d66e179", size = 486787 },
    { url = "https://files.pythonhosted.org/packages/4a/7f/3ef2c18816cc4e1b24e2f7e572e7b7e555dccaaf0a5b8f41ca4fee29ce07/unicodedata2-16.0.0-pp310-pypy310_pp73-win_amd64.whl", hash = "sha256:677783731db528d8c27630c08bff8906584feee8dfea0e9a815eee7c3dfc5e8c", size = 478963 },
]
